PODS:
  - Alamofire (4.5.0)
  - Mapbox-iOS-SDK (3.6.2)
  - MBProgressHUD (1.0.0)
  - SwiftyJSON (3.1.4)
  - SWXMLHash (4.0.0)

DEPENDENCIES:
  - Alamofire (~> 4.5.0)
  - Mapbox-iOS-SDK (~> 3.6.2)
  - MBProgressHUD (~> 1.0)
  - SwiftyJSON (~> 3.1.4)
  - SWXMLHash (~> 4.0.0)

SPEC CHECKSUMS:
  Alamofire: f28cdffd29de33a7bfa022cbd63ae95a27fae140
  Mapbox-iOS-SDK: 1224c5ba79dc9bf9a80bfcc33ae320f5d672a42f
  MBProgressHUD: 4890f671c94e8a0f3cf959aa731e9de2f036d71a
  SwiftyJSON: c2842d878f95482ffceec5709abc3d05680c0220
  SWXMLHash: 6bbc0bf72975a18ceda469fb7d6a886a26d81694

PODFILE CHECKSUM: 6a83eb52e90b877954316b7a47e9731dce562006

COCOAPODS: 1.2.1
