// !$*UTF8*$!
{
	archiveVersion = 1;
	classes = {
	};
	objectVersion = 46;
	objects = {

/* Begin PBXBuildFile section */
		C06682591AC7D5A10064A6C0 /* AppDelegate.swift in Sources */ = {isa = PBXBuildFile; fileRef = C06682581AC7D5A10064A6C0 /* AppDelegate.swift */; };
		C066825B1AC7D5A10064A6C0 /* ViewController.swift in Sources */ = {isa = PBXBuildFile; fileRef = C066825A1AC7D5A10064A6C0 /* ViewController.swift */; };
		C066825E1AC7D5A10064A6C0 /* Main.storyboard in Resources */ = {isa = PBXBuildFile; fileRef = C066825C1AC7D5A10064A6C0 /* Main.storyboard */; };
		C06682601AC7D5A10064A6C0 /* Images.xcassets in Resources */ = {isa = PBXBuildFile; fileRef = C066825F1AC7D5A10064A6C0 /* Images.xcassets */; };
		C06682631AC7D5A10064A6C0 /* LaunchScreen.xib in Resources */ = {isa = PBXBuildFile; fileRef = C06682611AC7D5A10064A6C0 /* LaunchScreen.xib */; };
		C066826F1AC7D5A10064A6C0 /* GMapsDemoTests.swift in Sources */ = {isa = PBXBuildFile; fileRef = C066826E1AC7D5A10064A6C0 /* GMapsDemoTests.swift */; };
		CF181B8B1DBBBAB900591AC7 /* Accelerate.framework in Frameworks */ = {isa = PBXBuildFile; fileRef = CF181B8A1DBBBAB900591AC7 /* Accelerate.framework */; };
		CF181B8D1DBBBAC200591AC7 /* CoreData.framework in Frameworks */ = {isa = PBXBuildFile; fileRef = CF181B8C1DBBBAC200591AC7 /* CoreData.framework */; };
		CF181B8F1DBBBAC900591AC7 /* CoreGraphics.framework in Frameworks */ = {isa = PBXBuildFile; fileRef = CF181B8E1DBBBAC900591AC7 /* CoreGraphics.framework */; };
		CF181B911DBBBAD000591AC7 /* CoreLocation.framework in Frameworks */ = {isa = PBXBuildFile; fileRef = CF181B901DBBBAD000591AC7 /* CoreLocation.framework */; };
		CF181B931DBBBAD900591AC7 /* CoreText.framework in Frameworks */ = {isa = PBXBuildFile; fileRef = CF181B921DBBBAD900591AC7 /* CoreText.framework */; };
		CF181B951DBBBAE400591AC7 /* GLKit.framework in Frameworks */ = {isa = PBXBuildFile; fileRef = CF181B941DBBBAE400591AC7 /* GLKit.framework */; };
		CF181B971DBBBAED00591AC7 /* ImageIO.framework in Frameworks */ = {isa = PBXBuildFile; fileRef = CF181B961DBBBAED00591AC7 /* ImageIO.framework */; };
		CF181B991DBBBAFA00591AC7 /* libc++.tbd in Frameworks */ = {isa = PBXBuildFile; fileRef = CF181B981DBBBAFA00591AC7 /* libc++.tbd */; };
		CF181B9B1DBBBB0400591AC7 /* libz.tbd in Frameworks */ = {isa = PBXBuildFile; fileRef = CF181B9A1DBBBB0400591AC7 /* libz.tbd */; };
		CF181B9D1DBBBB0D00591AC7 /* OpenGLES.framework in Frameworks */ = {isa = PBXBuildFile; fileRef = CF181B9C1DBBBB0D00591AC7 /* OpenGLES.framework */; };
		CF181B9F1DBBBB1500591AC7 /* QuartzCore.framework in Frameworks */ = {isa = PBXBuildFile; fileRef = CF181B9E1DBBBB1500591AC7 /* QuartzCore.framework */; };
		CF181BA11DBBBB1C00591AC7 /* SystemConfiguration.framework in Frameworks */ = {isa = PBXBuildFile; fileRef = CF181BA01DBBBB1C00591AC7 /* SystemConfiguration.framework */; };
		CF181BA31DBBBB2500591AC7 /* UIKit.framework in Frameworks */ = {isa = PBXBuildFile; fileRef = CF181BA21DBBBB2500591AC7 /* UIKit.framework */; };
		CF181BA81DBBBCCD00591AC7 /* GoogleMaps.bundle in Resources */ = {isa = PBXBuildFile; fileRef = CF181BA71DBBBCCD00591AC7 /* GoogleMaps.bundle */; };
		CF3789C11E983F450089D488 /* GoogleMaps.framework in Frameworks */ = {isa = PBXBuildFile; fileRef = CF181B841DBBBA4F00591AC7 /* GoogleMaps.framework */; };
		CF3789C21E983F500089D488 /* GoogleMapsBase.framework in Frameworks */ = {isa = PBXBuildFile; fileRef = CF181B881DBBBA9700591AC7 /* GoogleMapsBase.framework */; };
		CF3789C31E983F5A0089D488 /* GoogleMapsCore.framework in Frameworks */ = {isa = PBXBuildFile; fileRef = CF181B861DBBBA8F00591AC7 /* GoogleMapsCore.framework */; };
		CF515C641EA15288005EA9FF /* Crime.swift in Sources */ = {isa = PBXBuildFile; fileRef = CF515C631EA15288005EA9FF /* Crime.swift */; };
		CFBF17DF1DC4200500D6AD56 /* CrimeWindow.xib in Resources */ = {isa = PBXBuildFile; fileRef = CFBF17DE1DC4200500D6AD56 /* CrimeWindow.xib */; };
		CFBF17E31DC4233E00D6AD56 /* CrimeWindow.swift in Sources */ = {isa = PBXBuildFile; fileRef = CFBF17E21DC4233E00D6AD56 /* CrimeWindow.swift */; };
		CFC9C4381E10611E00B011B4 /* TitilliumWeb-Regular.ttf in Resources */ = {isa = PBXBuildFile; fileRef = CFC9C4371E10611E00B011B4 /* TitilliumWeb-Regular.ttf */; };
		CFC9C43C1E106EB600B011B4 /* Reach.swift in Sources */ = {isa = PBXBuildFile; fileRef = CFC9C43B1E106EB600B011B4 /* Reach.swift */; };
/* End PBXBuildFile section */

/* Begin PBXContainerItemProxy section */
		C06682691AC7D5A10064A6C0 /* PBXContainerItemProxy */ = {
			isa = PBXContainerItemProxy;
			containerPortal = C066824B1AC7D5A10064A6C0 /* Project object */;
			proxyType = 1;
			remoteGlobalIDString = C06682521AC7D5A10064A6C0;
			remoteInfo = GMapsDemo;
		};
/* End PBXContainerItemProxy section */

/* Begin PBXFileReference section */
		C06682531AC7D5A10064A6C0 /* GMapsDemo.app */ = {isa = PBXFileReference; explicitFileType = wrapper.application; includeInIndex = 0; path = GMapsDemo.app; sourceTree = BUILT_PRODUCTS_DIR; };
		C06682571AC7D5A10064A6C0 /* Info.plist */ = {isa = PBXFileReference; lastKnownFileType = text.plist.xml; path = Info.plist; sourceTree = "<group>"; };
		C06682581AC7D5A10064A6C0 /* AppDelegate.swift */ = {isa = PBXFileReference; lastKnownFileType = sourcecode.swift; path = AppDelegate.swift; sourceTree = "<group>"; };
		C066825A1AC7D5A10064A6C0 /* ViewController.swift */ = {isa = PBXFileReference; lastKnownFileType = sourcecode.swift; path = ViewController.swift; sourceTree = "<group>"; };
		C066825D1AC7D5A10064A6C0 /* Base */ = {isa = PBXFileReference; lastKnownFileType = file.storyboard; name = Base; path = Base.lproj/Main.storyboard; sourceTree = "<group>"; };
		C066825F1AC7D5A10064A6C0 /* Images.xcassets */ = {isa = PBXFileReference; lastKnownFileType = folder.assetcatalog; path = Images.xcassets; sourceTree = "<group>"; };
		C06682621AC7D5A10064A6C0 /* Base */ = {isa = PBXFileReference; lastKnownFileType = file.xib; name = Base; path = Base.lproj/LaunchScreen.xib; sourceTree = "<group>"; };
		C06682681AC7D5A10064A6C0 /* GMapsDemoTests.xctest */ = {isa = PBXFileReference; explicitFileType = wrapper.cfbundle; includeInIndex = 0; path = GMapsDemoTests.xctest; sourceTree = BUILT_PRODUCTS_DIR; };
		C066826D1AC7D5A10064A6C0 /* Info.plist */ = {isa = PBXFileReference; lastKnownFileType = text.plist.xml; path = Info.plist; sourceTree = "<group>"; };
		C066826E1AC7D5A10064A6C0 /* GMapsDemoTests.swift */ = {isa = PBXFileReference; lastKnownFileType = sourcecode.swift; path = GMapsDemoTests.swift; sourceTree = "<group>"; };
		CF181B841DBBBA4F00591AC7 /* GoogleMaps.framework */ = {isa = PBXFileReference; lastKnownFileType = wrapper.framework; path = GoogleMaps.framework; sourceTree = "<group>"; };
		CF181B861DBBBA8F00591AC7 /* GoogleMapsCore.framework */ = {isa = PBXFileReference; lastKnownFileType = wrapper.framework; path = GoogleMapsCore.framework; sourceTree = "<group>"; };
		CF181B881DBBBA9700591AC7 /* GoogleMapsBase.framework */ = {isa = PBXFileReference; lastKnownFileType = wrapper.framework; path = GoogleMapsBase.framework; sourceTree = "<group>"; };
		CF181B8A1DBBBAB900591AC7 /* Accelerate.framework */ = {isa = PBXFileReference; lastKnownFileType = wrapper.framework; name = Accelerate.framework; path = System/Library/Frameworks/Accelerate.framework; sourceTree = SDKROOT; };
		CF181B8C1DBBBAC200591AC7 /* CoreData.framework */ = {isa = PBXFileReference; lastKnownFileType = wrapper.framework; name = CoreData.framework; path = System/Library/Frameworks/CoreData.framework; sourceTree = SDKROOT; };
		CF181B8E1DBBBAC900591AC7 /* CoreGraphics.framework */ = {isa = PBXFileReference; lastKnownFileType = wrapper.framework; name = CoreGraphics.framework; path = System/Library/Frameworks/CoreGraphics.framework; sourceTree = SDKROOT; };
		CF181B901DBBBAD000591AC7 /* CoreLocation.framework */ = {isa = PBXFileReference; lastKnownFileType = wrapper.framework; name = CoreLocation.framework; path = System/Library/Frameworks/CoreLocation.framework; sourceTree = SDKROOT; };
		CF181B921DBBBAD900591AC7 /* CoreText.framework */ = {isa = PBXFileReference; lastKnownFileType = wrapper.framework; name = CoreText.framework; path = System/Library/Frameworks/CoreText.framework; sourceTree = SDKROOT; };
		CF181B941DBBBAE400591AC7 /* GLKit.framework */ = {isa = PBXFileReference; lastKnownFileType = wrapper.framework; name = GLKit.framework; path = System/Library/Frameworks/GLKit.framework; sourceTree = SDKROOT; };
		CF181B961DBBBAED00591AC7 /* ImageIO.framework */ = {isa = PBXFileReference; lastKnownFileType = wrapper.framework; name = ImageIO.framework; path = System/Library/Frameworks/ImageIO.framework; sourceTree = SDKROOT; };
		CF181B981DBBBAFA00591AC7 /* libc++.tbd */ = {isa = PBXFileReference; lastKnownFileType = "sourcecode.text-based-dylib-definition"; name = "libc++.tbd"; path = "usr/lib/libc++.tbd"; sourceTree = SDKROOT; };
		CF181B9A1DBBBB0400591AC7 /* libz.tbd */ = {isa = PBXFileReference; lastKnownFileType = "sourcecode.text-based-dylib-definition"; name = libz.tbd; path = usr/lib/libz.tbd; sourceTree = SDKROOT; };
		CF181B9C1DBBBB0D00591AC7 /* OpenGLES.framework */ = {isa = PBXFileReference; lastKnownFileType = wrapper.framework; name = OpenGLES.framework; path = System/Library/Frameworks/OpenGLES.framework; sourceTree = SDKROOT; };
		CF181B9E1DBBBB1500591AC7 /* QuartzCore.framework */ = {isa = PBXFileReference; lastKnownFileType = wrapper.framework; name = QuartzCore.framework; path = System/Library/Frameworks/QuartzCore.framework; sourceTree = SDKROOT; };
		CF181BA01DBBBB1C00591AC7 /* SystemConfiguration.framework */ = {isa = PBXFileReference; lastKnownFileType = wrapper.framework; name = SystemConfiguration.framework; path = System/Library/Frameworks/SystemConfiguration.framework; sourceTree = SDKROOT; };
		CF181BA21DBBBB2500591AC7 /* UIKit.framework */ = {isa = PBXFileReference; lastKnownFileType = wrapper.framework; name = UIKit.framework; path = System/Library/Frameworks/UIKit.framework; sourceTree = SDKROOT; };
		CF181BA41DBBBB9700591AC7 /* GMapsDemo-Bridging-Header.h */ = {isa = PBXFileReference; lastKnownFileType = sourcecode.c.h; path = "GMapsDemo-Bridging-Header.h"; sourceTree = SOURCE_ROOT; };
		CF181BA71DBBBCCD00591AC7 /* GoogleMaps.bundle */ = {isa = PBXFileReference; lastKnownFileType = "wrapper.plug-in"; name = GoogleMaps.bundle; path = GoogleMaps.framework/Versions/A/Resources/GoogleMaps.bundle; sourceTree = "<group>"; };
		CF515C631EA15288005EA9FF /* Crime.swift */ = {isa = PBXFileReference; fileEncoding = 4; lastKnownFileType = sourcecode.swift; path = Crime.swift; sourceTree = "<group>"; };
		CFBF17DE1DC4200500D6AD56 /* CrimeWindow.xib */ = {isa = PBXFileReference; fileEncoding = 4; lastKnownFileType = file.xib; path = CrimeWindow.xib; sourceTree = "<group>"; };
		CFBF17E21DC4233E00D6AD56 /* CrimeWindow.swift */ = {isa = PBXFileReference; fileEncoding = 4; lastKnownFileType = sourcecode.swift; name = CrimeWindow.swift; path = ../CrimeWindow.swift; sourceTree = "<group>"; };
		CFC9C4371E10611E00B011B4 /* TitilliumWeb-Regular.ttf */ = {isa = PBXFileReference; lastKnownFileType = file; path = "TitilliumWeb-Regular.ttf"; sourceTree = "<group>"; };
		CFC9C43B1E106EB600B011B4 /* Reach.swift */ = {isa = PBXFileReference; fileEncoding = 4; lastKnownFileType = sourcecode.swift; path = Reach.swift; sourceTree = "<group>"; };
/* End PBXFileReference section */

/* Begin PBXFrameworksBuildPhase section */
		C06682501AC7D5A10064A6C0 /* Frameworks */ = {
			isa = PBXFrameworksBuildPhase;
			buildActionMask = 2147483647;
			files = (
				CF3789C31E983F5A0089D488 /* GoogleMapsCore.framework in Frameworks */,
				CF3789C21E983F500089D488 /* GoogleMapsBase.framework in Frameworks */,
				CF3789C11E983F450089D488 /* GoogleMaps.framework in Frameworks */,
				CF181BA31DBBBB2500591AC7 /* UIKit.framework in Frameworks */,
				CF181BA11DBBBB1C00591AC7 /* SystemConfiguration.framework in Frameworks */,
				CF181B9F1DBBBB1500591AC7 /* QuartzCore.framework in Frameworks */,
				CF181B9D1DBBBB0D00591AC7 /* OpenGLES.framework in Frameworks */,
				CF181B9B1DBBBB0400591AC7 /* libz.tbd in Frameworks */,
				CF181B991DBBBAFA00591AC7 /* libc++.tbd in Frameworks */,
				CF181B971DBBBAED00591AC7 /* ImageIO.framework in Frameworks */,
				CF181B951DBBBAE400591AC7 /* GLKit.framework in Frameworks */,
				CF181B931DBBBAD900591AC7 /* CoreText.framework in Frameworks */,
				CF181B911DBBBAD000591AC7 /* CoreLocation.framework in Frameworks */,
				CF181B8F1DBBBAC900591AC7 /* CoreGraphics.framework in Frameworks */,
				CF181B8D1DBBBAC200591AC7 /* CoreData.framework in Frameworks */,
				CF181B8B1DBBBAB900591AC7 /* Accelerate.framework in Frameworks */,
			);
			runOnlyForDeploymentPostprocessing = 0;
		};
		C06682651AC7D5A10064A6C0 /* Frameworks */ = {
			isa = PBXFrameworksBuildPhase;
			buildActionMask = 2147483647;
			files = (
			);
			runOnlyForDeploymentPostprocessing = 0;
		};
/* End PBXFrameworksBuildPhase section */

/* Begin PBXGroup section */
		C066824A1AC7D5A10064A6C0 = {
			isa = PBXGroup;
			children = (
				C06682551AC7D5A10064A6C0 /* GMapsDemo */,
				C066826B1AC7D5A10064A6C0 /* GMapsDemoTests */,
				C06682541AC7D5A10064A6C0 /* Products */,
			);
			sourceTree = "<group>";
		};
		C06682541AC7D5A10064A6C0 /* Products */ = {
			isa = PBXGroup;
			children = (
				C06682531AC7D5A10064A6C0 /* GMapsDemo.app */,
				C06682681AC7D5A10064A6C0 /* GMapsDemoTests.xctest */,
			);
			name = Products;
			sourceTree = "<group>";
		};
		C06682551AC7D5A10064A6C0 /* GMapsDemo */ = {
			isa = PBXGroup;
			children = (
				CF181BA41DBBBB9700591AC7 /* GMapsDemo-Bridging-Header.h */,
				C06682581AC7D5A10064A6C0 /* AppDelegate.swift */,
				C066825A1AC7D5A10064A6C0 /* ViewController.swift */,
				CF515C631EA15288005EA9FF /* Crime.swift */,
				CFC9C43B1E106EB600B011B4 /* Reach.swift */,
				CFBF17E21DC4233E00D6AD56 /* CrimeWindow.swift */,
				CFBF17DE1DC4200500D6AD56 /* CrimeWindow.xib */,
				C066825C1AC7D5A10064A6C0 /* Main.storyboard */,
				C066825F1AC7D5A10064A6C0 /* Images.xcassets */,
				C06682611AC7D5A10064A6C0 /* LaunchScreen.xib */,
				C06682561AC7D5A10064A6C0 /* Supporting Files */,
			);
			path = GMapsDemo;
			sourceTree = "<group>";
		};
		C06682561AC7D5A10064A6C0 /* Supporting Files */ = {
			isa = PBXGroup;
			children = (
				CFC9C4371E10611E00B011B4 /* TitilliumWeb-Regular.ttf */,
				CF181BA71DBBBCCD00591AC7 /* GoogleMaps.bundle */,
				CF181BA21DBBBB2500591AC7 /* UIKit.framework */,
				CF181BA01DBBBB1C00591AC7 /* SystemConfiguration.framework */,
				CF181B9E1DBBBB1500591AC7 /* QuartzCore.framework */,
				CF181B9C1DBBBB0D00591AC7 /* OpenGLES.framework */,
				CF181B9A1DBBBB0400591AC7 /* libz.tbd */,
				CF181B981DBBBAFA00591AC7 /* libc++.tbd */,
				CF181B961DBBBAED00591AC7 /* ImageIO.framework */,
				CF181B941DBBBAE400591AC7 /* GLKit.framework */,
				CF181B921DBBBAD900591AC7 /* CoreText.framework */,
				CF181B901DBBBAD000591AC7 /* CoreLocation.framework */,
				CF181B8E1DBBBAC900591AC7 /* CoreGraphics.framework */,
				CF181B8C1DBBBAC200591AC7 /* CoreData.framework */,
				CF181B8A1DBBBAB900591AC7 /* Accelerate.framework */,
				CF181B881DBBBA9700591AC7 /* GoogleMapsBase.framework */,
				CF181B861DBBBA8F00591AC7 /* GoogleMapsCore.framework */,
				CF181B841DBBBA4F00591AC7 /* GoogleMaps.framework */,
				C06682571AC7D5A10064A6C0 /* Info.plist */,
			);
			name = "Supporting Files";
			sourceTree = "<group>";
		};
		C066826B1AC7D5A10064A6C0 /* GMapsDemoTests */ = {
			isa = PBXGroup;
			children = (
				C066826E1AC7D5A10064A6C0 /* GMapsDemoTests.swift */,
				C066826C1AC7D5A10064A6C0 /* Supporting Files */,
			);
			path = GMapsDemoTests;
			sourceTree = "<group>";
		};
		C066826C1AC7D5A10064A6C0 /* Supporting Files */ = {
			isa = PBXGroup;
			children = (
				C066826D1AC7D5A10064A6C0 /* Info.plist */,
			);
			name = "Supporting Files";
			sourceTree = "<group>";
		};
/* End PBXGroup section */

/* Begin PBXNativeTarget section */
		C06682521AC7D5A10064A6C0 /* GMapsDemo */ = {
			isa = PBXNativeTarget;
			buildConfigurationList = C06682721AC7D5A10064A6C0 /* Build configuration list for PBXNativeTarget "GMapsDemo" */;
			buildPhases = (
				C066824F1AC7D5A10064A6C0 /* Sources */,
				C06682501AC7D5A10064A6C0 /* Frameworks */,
				C06682511AC7D5A10064A6C0 /* Resources */,
			);
			buildRules = (
			);
			dependencies = (
			);
			name = GMapsDemo;
			productName = GMapsDemo;
			productReference = C06682531AC7D5A10064A6C0 /* GMapsDemo.app */;
			productType = "com.apple.product-type.application";
		};
		C06682671AC7D5A10064A6C0 /* GMapsDemoTests */ = {
			isa = PBXNativeTarget;
			buildConfigurationList = C06682751AC7D5A10064A6C0 /* Build configuration list for PBXNativeTarget "GMapsDemoTests" */;
			buildPhases = (
				C06682641AC7D5A10064A6C0 /* Sources */,
				C06682651AC7D5A10064A6C0 /* Frameworks */,
				C06682661AC7D5A10064A6C0 /* Resources */,
			);
			buildRules = (
			);
			dependencies = (
				C066826A1AC7D5A10064A6C0 /* PBXTargetDependency */,
			);
			name = GMapsDemoTests;
			productName = GMapsDemoTests;
			productReference = C06682681AC7D5A10064A6C0 /* GMapsDemoTests.xctest */;
			productType = "com.apple.product-type.bundle.unit-test";
		};
/* End PBXNativeTarget section */

/* Begin PBXProject section */
		C066824B1AC7D5A10064A6C0 /* Project object */ = {
			isa = PBXProject;
			attributes = {
				LastSwiftUpdateCheck = 0730;
				LastUpgradeCheck = 0810;
				ORGANIZATIONNAME = Appcoda;
				TargetAttributes = {
					C06682521AC7D5A10064A6C0 = {
						CreatedOnToolsVersion = 6.2;
						LastSwiftMigration = 0820;
					};
					C06682671AC7D5A10064A6C0 = {
						CreatedOnToolsVersion = 6.2;
						LastSwiftMigration = 0820;
						TestTargetID = C06682521AC7D5A10064A6C0;
					};
				};
			};
			buildConfigurationList = C066824E1AC7D5A10064A6C0 /* Build configuration list for PBXProject "GMapsDemo" */;
			compatibilityVersion = "Xcode 3.2";
			developmentRegion = English;
			hasScannedForEncodings = 0;
			knownRegions = (
				en,
				Base,
			);
			mainGroup = C066824A1AC7D5A10064A6C0;
			productRefGroup = C06682541AC7D5A10064A6C0 /* Products */;
			projectDirPath = "";
			projectRoot = "";
			targets = (
				C06682521AC7D5A10064A6C0 /* GMapsDemo */,
				C06682671AC7D5A10064A6C0 /* GMapsDemoTests */,
			);
		};
/* End PBXProject section */

/* Begin PBXResourcesBuildPhase section */
		C06682511AC7D5A10064A6C0 /* Resources */ = {
			isa = PBXResourcesBuildPhase;
			buildActionMask = 2147483647;
			files = (
				CFC9C4381E10611E00B011B4 /* TitilliumWeb-Regular.ttf in Resources */,
				C066825E1AC7D5A10064A6C0 /* Main.storyboard in Resources */,
				C06682631AC7D5A10064A6C0 /* LaunchScreen.xib in Resources */,
				CFBF17DF1DC4200500D6AD56 /* CrimeWindow.xib in Resources */,
				C06682601AC7D5A10064A6C0 /* Images.xcassets in Resources */,
				CF181BA81DBBBCCD00591AC7 /* GoogleMaps.bundle in Resources */,
			);
			runOnlyForDeploymentPostprocessing = 0;
		};
		C06682661AC7D5A10064A6C0 /* Resources */ = {
			isa = PBXResourcesBuildPhase;
			buildActionMask = 2147483647;
			files = (
			);
			runOnlyForDeploymentPostprocessing = 0;
		};
/* End PBXResourcesBuildPhase section */

/* Begin PBXSourcesBuildPhase section */
		C066824F1AC7D5A10064A6C0 /* Sources */ = {
			isa = PBXSourcesBuildPhase;
			buildActionMask = 2147483647;
			files = (
				CF515C641EA15288005EA9FF /* Crime.swift in Sources */,
				CFBF17E31DC4233E00D6AD56 /* CrimeWindow.swift in Sources */,
				C066825B1AC7D5A10064A6C0 /* ViewController.swift in Sources */,
				CFC9C43C1E106EB600B011B4 /* Reach.swift in Sources */,
				C06682591AC7D5A10064A6C0 /* AppDelegate.swift in Sources */,
			);
			runOnlyForDeploymentPostprocessing = 0;
		};
		C06682641AC7D5A10064A6C0 /* Sources */ = {
			isa = PBXSourcesBuildPhase;
			buildActionMask = 2147483647;
			files = (
				C066826F1AC7D5A10064A6C0 /* GMapsDemoTests.swift in Sources */,
			);
			runOnlyForDeploymentPostprocessing = 0;
		};
/* End PBXSourcesBuildPhase section */

/* Begin PBXTargetDependency section */
		C066826A1AC7D5A10064A6C0 /* PBXTargetDependency */ = {
			isa = PBXTargetDependency;
			target = C06682521AC7D5A10064A6C0 /* GMapsDemo */;
			targetProxy = C06682691AC7D5A10064A6C0 /* PBXContainerItemProxy */;
		};
/* End PBXTargetDependency section */

/* Begin PBXVariantGroup section */
		C066825C1AC7D5A10064A6C0 /* Main.storyboard */ = {
			isa = PBXVariantGroup;
			children = (
				C066825D1AC7D5A10064A6C0 /* Base */,
			);
			name = Main.storyboard;
			sourceTree = "<group>";
		};
		C06682611AC7D5A10064A6C0 /* LaunchScreen.xib */ = {
			isa = PBXVariantGroup;
			children = (
				C06682621AC7D5A10064A6C0 /* Base */,
			);
			name = LaunchScreen.xib;
			sourceTree = "<group>";
		};
/* End PBXVariantGroup section */

/* Begin XCBuildConfiguration section */
		C06682701AC7D5A10064A6C0 /* Debug */ = {
			isa = XCBuildConfiguration;
			buildSettings = {
				ALWAYS_SEARCH_USER_PATHS = NO;
				CLANG_CXX_LANGUAGE_STANDARD = "gnu++0x";
				CLANG_CXX_LIBRARY = "libc++";
				CLANG_ENABLE_MODULES = YES;
				CLANG_ENABLE_OBJC_ARC = YES;
				CLANG_WARN_BOOL_CONVERSION = YES;
				CLANG_WARN_CONSTANT_CONVERSION = YES;
				CLANG_WARN_DIRECT_OBJC_ISA_USAGE = YES_ERROR;
				CLANG_WARN_EMPTY_BODY = YES;
				CLANG_WARN_ENUM_CONVERSION = YES;
				CLANG_WARN_INFINITE_RECURSION = YES;
				CLANG_WARN_INT_CONVERSION = YES;
				CLANG_WARN_OBJC_ROOT_CLASS = YES_ERROR;
				CLANG_WARN_SUSPICIOUS_MOVE = YES;
				CLANG_WARN_UNREACHABLE_CODE = YES;
				CLANG_WARN__DUPLICATE_METHOD_MATCH = YES;
				"CODE_SIGN_IDENTITY[sdk=iphoneos*]" = "iPhone Developer";
				COPY_PHASE_STRIP = NO;
				ENABLE_STRICT_OBJC_MSGSEND = YES;
				ENABLE_TESTABILITY = YES;
				GCC_C_LANGUAGE_STANDARD = gnu99;
				GCC_DYNAMIC_NO_PIC = NO;
				GCC_NO_COMMON_BLOCKS = YES;
				GCC_OPTIMIZATION_LEVEL = 0;
				GCC_PREPROCESSOR_DEFINITIONS = (
					"DEBUG=1",
					"$(inherited)",
				);
				GCC_SYMBOLS_PRIVATE_EXTERN = NO;
				GCC_WARN_64_TO_32_BIT_CONVERSION = YES;
				GCC_WARN_ABOUT_RETURN_TYPE = YES_ERROR;
				GCC_WARN_UNDECLARED_SELECTOR = YES;
				GCC_WARN_UNINITIALIZED_AUTOS = YES_AGGRESSIVE;
				GCC_WARN_UNUSED_FUNCTION = YES;
				GCC_WARN_UNUSED_VARIABLE = YES;
				IPHONEOS_DEPLOYMENT_TARGET = 8.2;
				MTL_ENABLE_DEBUG_INFO = YES;
				ONLY_ACTIVE_ARCH = YES;
				SDKROOT = iphoneos;
				SWIFT_OPTIMIZATION_LEVEL = "-Onone";
			};
			name = Debug;
		};
		C06682711AC7D5A10064A6C0 /* Release */ = {
			isa = XCBuildConfiguration;
			buildSettings = {
				ALWAYS_SEARCH_USER_PATHS = NO;
				CLANG_CXX_LANGUAGE_STANDARD = "gnu++0x";
				CLANG_CXX_LIBRARY = "libc++";
				CLANG_ENABLE_MODULES = YES;
				CLANG_ENABLE_OBJC_ARC = YES;
				CLANG_WARN_BOOL_CONVERSION = YES;
				CLANG_WARN_CONSTANT_CONVERSION = YES;
				CLANG_WARN_DIRECT_OBJC_ISA_USAGE = YES_ERROR;
				CLANG_WARN_EMPTY_BODY = YES;
				CLANG_WARN_ENUM_CONVERSION = YES;
				CLANG_WARN_INFINITE_RECURSION = YES;
				CLANG_WARN_INT_CONVERSION = YES;
				CLANG_WARN_OBJC_ROOT_CLASS = YES_ERROR;
				CLANG_WARN_SUSPICIOUS_MOVE = YES;
				CLANG_WARN_UNREACHABLE_CODE = YES;
				CLANG_WARN__DUPLICATE_METHOD_MATCH = YES;
				"CODE_SIGN_IDENTITY[sdk=iphoneos*]" = "iPhone Developer";
				COPY_PHASE_STRIP = NO;
				ENABLE_NS_ASSERTIONS = NO;
				ENABLE_STRICT_OBJC_MSGSEND = YES;
				GCC_C_LANGUAGE_STANDARD = gnu99;
				GCC_NO_COMMON_BLOCKS = YES;
				GCC_WARN_64_TO_32_BIT_CONVERSION = YES;
				GCC_WARN_ABOUT_RETURN_TYPE = YES_ERROR;
				GCC_WARN_UNDECLARED_SELECTOR = YES;
				GCC_WARN_UNINITIALIZED_AUTOS = YES_AGGRESSIVE;
				GCC_WARN_UNUSED_FUNCTION = YES;
				GCC_WARN_UNUSED_VARIABLE = YES;
				IPHONEOS_DEPLOYMENT_TARGET = 8.2;
				MTL_ENABLE_DEBUG_INFO = NO;
				SDKROOT = iphoneos;
				SWIFT_OPTIMIZATION_LEVEL = "-Owholemodule";
				VALIDATE_PRODUCT = YES;
			};
			name = Release;
		};
		C06682731AC7D5A10064A6C0 /* Debug */ = {
			isa = XCBuildConfiguration;
			buildSettings = {
				ASSETCATALOG_COMPILER_APPICON_NAME = AppIcon;
				CLANG_ENABLE_MODULES = YES;
				FRAMEWORK_SEARCH_PATHS = (
					"$(inherited)",
					"$(PROJECT_DIR)/GMapsDemo",
				);
				INFOPLIST_FILE = GMapsDemo/Info.plist;
				LD_RUNPATH_SEARCH_PATHS = "$(inherited) @executable_path/Frameworks";
				OTHER_LDFLAGS = "-ObjC";
				PRODUCT_BUNDLE_IDENTIFIER = "com.appcoda.$(PRODUCT_NAME:rfc1034identifier)";
				PRODUCT_NAME = "$(TARGET_NAME)";
				SWIFT_OBJC_BRIDGING_HEADER = "GMapsDemo-Bridging-Header.h";
				SWIFT_OPTIMIZATION_LEVEL = "-Onone";
				SWIFT_VERSION = 3.0;
			};
			name = Debug;
		};
		C06682741AC7D5A10064A6C0 /* Release */ = {
			isa = XCBuildConfiguration;
			buildSettings = {
				ASSETCATALOG_COMPILER_APPICON_NAME = AppIcon;
				CLANG_ENABLE_MODULES = YES;
				FRAMEWORK_SEARCH_PATHS = (
					"$(inherited)",
					"$(PROJECT_DIR)/GMapsDemo",
				);
				INFOPLIST_FILE = GMapsDemo/Info.plist;
				LD_RUNPATH_SEARCH_PATHS = "$(inherited) @executable_path/Frameworks";
				OTHER_LDFLAGS = "-ObjC";
				PRODUCT_BUNDLE_IDENTIFIER = "com.appcoda.$(PRODUCT_NAME:rfc1034identifier)";
				PRODUCT_NAME = "$(TARGET_NAME)";
				SWIFT_OBJC_BRIDGING_HEADER = "GMapsDemo-Bridging-Header.h";
				SWIFT_VERSION = 3.0;
			};
			name = Release;
		};
		C06682761AC7D5A10064A6C0 /* Debug */ = {
			isa = XCBuildConfiguration;
			buildSettings = {
				BUNDLE_LOADER = "$(TEST_HOST)";
				FRAMEWORK_SEARCH_PATHS = (
					"$(SDKROOT)/Developer/Library/Frameworks",
					"$(inherited)",
				);
				GCC_PREPROCESSOR_DEFINITIONS = (
					"DEBUG=1",
					"$(inherited)",
				);
				INFOPLIST_FILE = GMapsDemoTests/Info.plist;
				LD_RUNPATH_SEARCH_PATHS = "$(inherited) @executable_path/Frameworks @loader_path/Frameworks";
				PRODUCT_BUNDLE_IDENTIFIER = "com.appcoda.$(PRODUCT_NAME:rfc1034identifier)";
				PRODUCT_NAME = "$(TARGET_NAME)";
				SWIFT_VERSION = 3.0;
				TEST_HOST = "$(BUILT_PRODUCTS_DIR)/GMapsDemo.app/GMapsDemo";
			};
			name = Debug;
		};
		C06682771AC7D5A10064A6C0 /* Release */ = {
			isa = XCBuildConfiguration;
			buildSettings = {
				BUNDLE_LOADER = "$(TEST_HOST)";
				FRAMEWORK_SEARCH_PATHS = (
					"$(SDKROOT)/Developer/Library/Frameworks",
					"$(inherited)",
				);
				INFOPLIST_FILE = GMapsDemoTests/Info.plist;
				LD_RUNPATH_SEARCH_PATHS = "$(inherited) @executable_path/Frameworks @loader_path/Frameworks";
				PRODUCT_BUNDLE_IDENTIFIER = "com.appcoda.$(PRODUCT_NAME:rfc1034identifier)";
				PRODUCT_NAME = "$(TARGET_NAME)";
				SWIFT_VERSION = 3.0;
				TEST_HOST = "$(BUILT_PRODUCTS_DIR)/GMapsDemo.app/GMapsDemo";
			};
			name = Release;
		};
/* End XCBuildConfiguration section */

/* Begin XCConfigurationList section */
		C066824E1AC7D5A10064A6C0 /* Build configuration list for PBXProject "GMapsDemo" */ = {
			isa = XCConfigurationList;
			buildConfigurations = (
				C06682701AC7D5A10064A6C0 /* Debug */,
				C06682711AC7D5A10064A6C0 /* Release */,
			);
			defaultConfigurationIsVisible = 0;
			defaultConfigurationName = Release;
		};
		C06682721AC7D5A10064A6C0 /* Build configuration list for PBXNativeTarget "GMapsDemo" */ = {
			isa = XCConfigurationList;
			buildConfigurations = (
				C06682731AC7D5A10064A6C0 /* Debug */,
				C06682741AC7D5A10064A6C0 /* Release */,
			);
			defaultConfigurationIsVisible = 0;
			defaultConfigurationName = Release;
		};
		C06682751AC7D5A10064A6C0 /* Build configuration list for PBXNativeTarget "GMapsDemoTests" */ = {
			isa = XCConfigurationList;
			buildConfigurations = (
				C06682761AC7D5A10064A6C0 /* Debug */,
				C06682771AC7D5A10064A6C0 /* Release */,
			);
			defaultConfigurationIsVisible = 0;
			defaultConfigurationName = Release;
		};
/* End XCConfigurationList section */
	};
	rootObject = C066824B1AC7D5A10064A6C0 /* Project object */;
}
