// !$*UTF8*$!
{
	archiveVersion = 1;
	classes = {
	};
	objectVersion = 48;
	objects = {

/* Begin PBXBuildFile section */
		085595C88867977C4FA6C5D9 /* Pods_LighthouseTests.framework in Frameworks */ = {isa = PBXBuildFile; fileRef = D6435C3E11FCD61BF7227D54 /* Pods_LighthouseTests.framework */; };
		CF33A95B1F8C2CF000D9B48E /* GMUGeoJSONParser.m in Sources */ = {isa = PBXBuildFile; fileRef = CF33A9171F8C2CF000D9B48E /* GMUGeoJSONParser.m */; };
		CF33A95C1F8C2CF000D9B48E /* GMUGeometryRenderer.m in Sources */ = {isa = PBXBuildFile; fileRef = CF33A91A1F8C2CF000D9B48E /* GMUGeometryRenderer.m */; };
		CF33A95D1F8C2CF000D9B48E /* GMUKMLParser.m in Sources */ = {isa = PBXBuildFile; fileRef = CF33A91C1F8C2CF000D9B48E /* GMUKMLParser.m */; };
		CF33A95E1F8C2CF000D9B48E /* GMUFeature.m in Sources */ = {isa = PBXBuildFile; fileRef = CF33A91F1F8C2CF000D9B48E /* GMUFeature.m */; };
		CF33A95F1F8C2CF000D9B48E /* GMUGeometryCollection.m in Sources */ = {isa = PBXBuildFile; fileRef = CF33A9221F8C2CF000D9B48E /* GMUGeometryCollection.m */; };
		CF33A9601F8C2CF000D9B48E /* GMUGroundOverlay.m in Sources */ = {isa = PBXBuildFile; fileRef = CF33A9251F8C2CF000D9B48E /* GMUGroundOverlay.m */; };
		CF33A9611F8C2CF000D9B48E /* GMULineString.m in Sources */ = {isa = PBXBuildFile; fileRef = CF33A9271F8C2CF000D9B48E /* GMULineString.m */; };
		CF33A9621F8C2CF000D9B48E /* GMUPlacemark.m in Sources */ = {isa = PBXBuildFile; fileRef = CF33A9291F8C2CF000D9B48E /* GMUPlacemark.m */; };
		CF33A9631F8C2CF000D9B48E /* GMUPoint.m in Sources */ = {isa = PBXBuildFile; fileRef = CF33A92B1F8C2CF000D9B48E /* GMUPoint.m */; };
		CF33A9641F8C2CF000D9B48E /* GMUPolygon.m in Sources */ = {isa = PBXBuildFile; fileRef = CF33A92D1F8C2CF000D9B48E /* GMUPolygon.m */; };
		CF33A9651F8C2CF000D9B48E /* GMUStyle.m in Sources */ = {isa = PBXBuildFile; fileRef = CF33A92F1F8C2CF000D9B48E /* GMUStyle.m */; };
		CF33A9661F8C2CF000D9B48E /* GQTPointQuadTree.m in Sources */ = {isa = PBXBuildFile; fileRef = CF33A9341F8C2CF000D9B48E /* GQTPointQuadTree.m */; };
		CF33A9671F8C2CF000D9B48E /* GQTPointQuadTreeChild.m in Sources */ = {isa = PBXBuildFile; fileRef = CF33A9361F8C2CF000D9B48E /* GQTPointQuadTreeChild.m */; };
		CF33A9681F8C2CF000D9B48E /* GMUGradient.m in Sources */ = {isa = PBXBuildFile; fileRef = CF33A93A1F8C2CF000D9B48E /* GMUGradient.m */; };
		CF33A9691F8C2CF000D9B48E /* GMUHeatmapTileLayer.m in Sources */ = {isa = PBXBuildFile; fileRef = CF33A93C1F8C2CF000D9B48E /* GMUHeatmapTileLayer.m */; };
		CF33A96A1F8C2CF000D9B48E /* GMUWeightedLatLng.m in Sources */ = {isa = PBXBuildFile; fileRef = CF33A93E1F8C2CF000D9B48E /* GMUWeightedLatLng.m */; };
		CF33A96B1F8C2CF000D9B48E /* GMUGridBasedClusterAlgorithm.m in Sources */ = {isa = PBXBuildFile; fileRef = CF33A9431F8C2CF000D9B48E /* GMUGridBasedClusterAlgorithm.m */; };
		CF33A96C1F8C2CF000D9B48E /* GMUNonHierarchicalDistanceBasedAlgorithm.m in Sources */ = {isa = PBXBuildFile; fileRef = CF33A9451F8C2CF000D9B48E /* GMUNonHierarchicalDistanceBasedAlgorithm.m */; };
		CF33A96D1F8C2CF000D9B48E /* GMUSimpleClusterAlgorithm.m in Sources */ = {isa = PBXBuildFile; fileRef = CF33A9471F8C2CF000D9B48E /* GMUSimpleClusterAlgorithm.m */; };
		CF33A96E1F8C2CF000D9B48E /* GMUWrappingDictionaryKey.m in Sources */ = {isa = PBXBuildFile; fileRef = CF33A9491F8C2CF000D9B48E /* GMUWrappingDictionaryKey.m */; };
		CF33A96F1F8C2CF000D9B48E /* GMUClusterManager.m in Sources */ = {isa = PBXBuildFile; fileRef = CF33A94E1F8C2CF000D9B48E /* GMUClusterManager.m */; };
		CF33A9701F8C2CF000D9B48E /* GMUStaticCluster.m in Sources */ = {isa = PBXBuildFile; fileRef = CF33A9511F8C2CF000D9B48E /* GMUStaticCluster.m */; };
		CF33A9711F8C2CF000D9B48E /* GMUDefaultClusterIconGenerator.m in Sources */ = {isa = PBXBuildFile; fileRef = CF33A9571F8C2CF000D9B48E /* GMUDefaultClusterIconGenerator.m */; };
		CF33A9721F8C2CF000D9B48E /* GMUDefaultClusterRenderer.m in Sources */ = {isa = PBXBuildFile; fileRef = CF33A95A1F8C2CF000D9B48E /* GMUDefaultClusterRenderer.m */; };
		CF46B5141FD7926F00740304 /* CrimeWeightViewController.swift in Sources */ = {isa = PBXBuildFile; fileRef = CF46B4ED1FD7926F00740304 /* CrimeWeightViewController.swift */; };
		CF46B5151FD7926F00740304 /* CrimeWeightTableViewCell.swift in Sources */ = {isa = PBXBuildFile; fileRef = CF46B4EE1FD7926F00740304 /* CrimeWeightTableViewCell.swift */; };
		CF46B5161FD7926F00740304 /* AcknowledgmentViewController.swift in Sources */ = {isa = PBXBuildFile; fileRef = CF46B4F01FD7926F00740304 /* AcknowledgmentViewController.swift */; };
		CF46B5171FD7926F00740304 /* TermsOfServiceViewController.swift in Sources */ = {isa = PBXBuildFile; fileRef = CF46B4F21FD7926F00740304 /* TermsOfServiceViewController.swift */; };
		CF46B5181FD7926F00740304 /* SettingsViewController.swift in Sources */ = {isa = PBXBuildFile; fileRef = CF46B4F31FD7926F00740304 /* SettingsViewController.swift */; };
		CF46B5191FD7926F00740304 /* CrimeInfoSummaryView.swift in Sources */ = {isa = PBXBuildFile; fileRef = CF46B4F61FD7926F00740304 /* CrimeInfoSummaryView.swift */; };
		CF46B51A1FD7926F00740304 /* RouteStep.swift in Sources */ = {isa = PBXBuildFile; fileRef = CF46B4F81FD7926F00740304 /* RouteStep.swift */; };
		CF46B51B1FD7926F00740304 /* Route.swift in Sources */ = {isa = PBXBuildFile; fileRef = CF46B4F91FD7926F00740304 /* Route.swift */; };
		CF46B51C1FD7926F00740304 /* Lighthouse.xcdatamodeld in Sources */ = {isa = PBXBuildFile; fileRef = CF46B4FA1FD7926F00740304 /* Lighthouse.xcdatamodeld */; };
		CF46B51D1FD7926F00740304 /* Crime.swift in Sources */ = {isa = PBXBuildFile; fileRef = CF46B4FC1FD7926F00740304 /* Crime.swift */; };
		CF46B51E1FD7926F00740304 /* acknowledge.json in Resources */ = {isa = PBXBuildFile; fileRef = CF46B4FE1FD7926F00740304 /* acknowledge.json */; };
		CF46B51F1FD7926F00740304 /* danger_file.json in Resources */ = {isa = PBXBuildFile; fileRef = CF46B4FF1FD7926F00740304 /* danger_file.json */; };
		CF46B5201FD7926F00740304 /* legal.json in Resources */ = {isa = PBXBuildFile; fileRef = CF46B5001FD7926F00740304 /* legal.json */; };
		CF46B5211FD7926F00740304 /* Connectivity.swift in Sources */ = {isa = PBXBuildFile; fileRef = CF46B5021FD7926F00740304 /* Connectivity.swift */; };
		CF46B5221FD7926F00740304 /* Assets.xcassets in Resources */ = {isa = PBXBuildFile; fileRef = CF46B5031FD7926F00740304 /* Assets.xcassets */; };
		CF46B5231FD7926F00740304 /* CrimeClusterItem.swift in Sources */ = {isa = PBXBuildFile; fileRef = CF46B5051FD7926F00740304 /* CrimeClusterItem.swift */; };
		CF46B5241FD7926F00740304 /* MapClusterRender.swift in Sources */ = {isa = PBXBuildFile; fileRef = CF46B5061FD7926F00740304 /* MapClusterRender.swift */; };
		CF46B5251FD7926F00740304 /* InitialLoadViewController.swift in Sources */ = {isa = PBXBuildFile; fileRef = CF46B5081FD7926F00740304 /* InitialLoadViewController.swift */; };
		CF46B5261FD7926F00740304 /* LaunchScreen.storyboard in Resources */ = {isa = PBXBuildFile; fileRef = CF46B5091FD7926F00740304 /* LaunchScreen.storyboard */; };
		CF46B5271FD7926F00740304 /* Main.storyboard in Resources */ = {isa = PBXBuildFile; fileRef = CF46B50B1FD7926F00740304 /* Main.storyboard */; };
		CF46B5281FD7926F00740304 /* MapViewController.swift in Sources */ = {isa = PBXBuildFile; fileRef = CF46B50E1FD7926F00740304 /* MapViewController.swift */; };
		CF46B5291FD7926F00740304 /* AppDelegate.swift in Sources */ = {isa = PBXBuildFile; fileRef = CF46B50F1FD7926F00740304 /* AppDelegate.swift */; };
		CF46B52A1FD7926F00740304 /* SafetyKeyView.swift in Sources */ = {isa = PBXBuildFile; fileRef = CF46B5111FD7926F00740304 /* SafetyKeyView.swift */; };
		CF46B52B1FD7926F00740304 /* SafetyKeyView.xib in Resources */ = {isa = PBXBuildFile; fileRef = CF46B5121FD7926F00740304 /* SafetyKeyView.xib */; };
		CF46B5371FD7945500740304 /* LighthouseTests.swift in Sources */ = {isa = PBXBuildFile; fileRef = CF46B52E1FD7927700740304 /* LighthouseTests.swift */; };
		CF46B5381FD7945700740304 /* Info.plist in Resources */ = {isa = PBXBuildFile; fileRef = CF46B52F1FD7927700740304 /* Info.plist */; };
		CF46B5391FD7945C00740304 /* LighthouseUITests.swift in Sources */ = {isa = PBXBuildFile; fileRef = CF46B5331FD7928400740304 /* LighthouseUITests.swift */; };
		CF46B53A1FD7946000740304 /* Info.plist in Resources */ = {isa = PBXBuildFile; fileRef = CF46B5341FD7928400740304 /* Info.plist */; };
		CF46B53D1FD795A900740304 /* CrimeInfoEntryView.xib in Resources */ = {isa = PBXBuildFile; fileRef = CF46B53B1FD795A900740304 /* CrimeInfoEntryView.xib */; };
		CF46B53E1FD795A900740304 /* CrimeInfoEntryView.swift in Sources */ = {isa = PBXBuildFile; fileRef = CF46B53C1FD795A900740304 /* CrimeInfoEntryView.swift */; };
		D040D344DC3453DBD2FAC9EE /* Pods_LighthouseUITests.framework in Frameworks */ = {isa = PBXBuildFile; fileRef = 307D4DC41A4B87083C252EA0 /* Pods_LighthouseUITests.framework */; };
		DD157F276FFDAF8C9775BE74 /* Pods_Lighthouse.framework in Frameworks */ = {isa = PBXBuildFile; fileRef = E58162424A59921EC79C977E /* Pods_Lighthouse.framework */; };
/* End PBXBuildFile section */

/* Begin PBXContainerItemProxy section */
		CF9D92AB1F895BF9000E9224 /* PBXContainerItemProxy */ = {
			isa = PBXContainerItemProxy;
			containerPortal = CF9D928B1F895BF8000E9224 /* Project object */;
			proxyType = 1;
			remoteGlobalIDString = CF9D92921F895BF9000E9224;
			remoteInfo = "lighthouse-gmaps";
		};
		CF9D92B61F895BF9000E9224 /* PBXContainerItemProxy */ = {
			isa = PBXContainerItemProxy;
			containerPortal = CF9D928B1F895BF8000E9224 /* Project object */;
			proxyType = 1;
			remoteGlobalIDString = CF9D92921F895BF9000E9224;
			remoteInfo = "lighthouse-gmaps";
		};
/* End PBXContainerItemProxy section */

/* Begin PBXFileReference section */
		0F363607219D4FC42B7E8B57 /* Pods-Lighthouse.debug.xcconfig */ = {isa = PBXFileReference; includeInIndex = 1; lastKnownFileType = text.xcconfig; name = "Pods-Lighthouse.debug.xcconfig"; path = "Pods/Target Support Files/Pods-Lighthouse/Pods-Lighthouse.debug.xcconfig"; sourceTree = "<group>"; };
		1B5CDF39A78D71E8B2225B56 /* Pods-LighthouseTests.release.xcconfig */ = {isa = PBXFileReference; includeInIndex = 1; lastKnownFileType = text.xcconfig; name = "Pods-LighthouseTests.release.xcconfig"; path = "Pods/Target Support Files/Pods-LighthouseTests/Pods-LighthouseTests.release.xcconfig"; sourceTree = "<group>"; };
		307D4DC41A4B87083C252EA0 /* Pods_LighthouseUITests.framework */ = {isa = PBXFileReference; explicitFileType = wrapper.framework; includeInIndex = 0; path = Pods_LighthouseUITests.framework; sourceTree = BUILT_PRODUCTS_DIR; };
		664778F032691F41EFBFCC7B /* Pods-Lighthouse.release.xcconfig */ = {isa = PBXFileReference; includeInIndex = 1; lastKnownFileType = text.xcconfig; name = "Pods-Lighthouse.release.xcconfig"; path = "Pods/Target Support Files/Pods-Lighthouse/Pods-Lighthouse.release.xcconfig"; sourceTree = "<group>"; };
		87C0E42CEE67A502C85230BD /* Pods-LighthouseUITests.debug.xcconfig */ = {isa = PBXFileReference; includeInIndex = 1; lastKnownFileType = text.xcconfig; name = "Pods-LighthouseUITests.debug.xcconfig"; path = "Pods/Target Support Files/Pods-LighthouseUITests/Pods-LighthouseUITests.debug.xcconfig"; sourceTree = "<group>"; };
		C110DE0CB12DE2D2396945D3 /* Pods-LighthouseTests.debug.xcconfig */ = {isa = PBXFileReference; includeInIndex = 1; lastKnownFileType = text.xcconfig; name = "Pods-LighthouseTests.debug.xcconfig"; path = "Pods/Target Support Files/Pods-LighthouseTests/Pods-LighthouseTests.debug.xcconfig"; sourceTree = "<group>"; };
		CF33A9161F8C2CF000D9B48E /* GMUGeoJSONParser.h */ = {isa = PBXFileReference; fileEncoding = 4; lastKnownFileType = sourcecode.c.h; path = GMUGeoJSONParser.h; sourceTree = "<group>"; };
		CF33A9171F8C2CF000D9B48E /* GMUGeoJSONParser.m */ = {isa = PBXFileReference; fileEncoding = 4; lastKnownFileType = sourcecode.c.objc; path = GMUGeoJSONParser.m; sourceTree = "<group>"; };
		CF33A9181F8C2CF000D9B48E /* GMUGeometryRenderer+Testing.h */ = {isa = PBXFileReference; fileEncoding = 4; lastKnownFileType = sourcecode.c.h; path = "GMUGeometryRenderer+Testing.h"; sourceTree = "<group>"; };
		CF33A9191F8C2CF000D9B48E /* GMUGeometryRenderer.h */ = {isa = PBXFileReference; fileEncoding = 4; lastKnownFileType = sourcecode.c.h; path = GMUGeometryRenderer.h; sourceTree = "<group>"; };
		CF33A91A1F8C2CF000D9B48E /* GMUGeometryRenderer.m */ = {isa = PBXFileReference; fileEncoding = 4; lastKnownFileType = sourcecode.c.objc; path = GMUGeometryRenderer.m; sourceTree = "<group>"; };
		CF33A91B1F8C2CF000D9B48E /* GMUKMLParser.h */ = {isa = PBXFileReference; fileEncoding = 4; lastKnownFileType = sourcecode.c.h; path = GMUKMLParser.h; sourceTree = "<group>"; };
		CF33A91C1F8C2CF000D9B48E /* GMUKMLParser.m */ = {isa = PBXFileReference; fileEncoding = 4; lastKnownFileType = sourcecode.c.objc; path = GMUKMLParser.m; sourceTree = "<group>"; };
		CF33A91E1F8C2CF000D9B48E /* GMUFeature.h */ = {isa = PBXFileReference; fileEncoding = 4; lastKnownFileType = sourcecode.c.h; path = GMUFeature.h; sourceTree = "<group>"; };
		CF33A91F1F8C2CF000D9B48E /* GMUFeature.m */ = {isa = PBXFileReference; fileEncoding = 4; lastKnownFileType = sourcecode.c.objc; path = GMUFeature.m; sourceTree = "<group>"; };
		CF33A9201F8C2CF000D9B48E /* GMUGeometry.h */ = {isa = PBXFileReference; fileEncoding = 4; lastKnownFileType = sourcecode.c.h; path = GMUGeometry.h; sourceTree = "<group>"; };
		CF33A9211F8C2CF000D9B48E /* GMUGeometryCollection.h */ = {isa = PBXFileReference; fileEncoding = 4; lastKnownFileType = sourcecode.c.h; path = GMUGeometryCollection.h; sourceTree = "<group>"; };
		CF33A9221F8C2CF000D9B48E /* GMUGeometryCollection.m */ = {isa = PBXFileReference; fileEncoding = 4; lastKnownFileType = sourcecode.c.objc; path = GMUGeometryCollection.m; sourceTree = "<group>"; };
		CF33A9231F8C2CF000D9B48E /* GMUGeometryContainer.h */ = {isa = PBXFileReference; fileEncoding = 4; lastKnownFileType = sourcecode.c.h; path = GMUGeometryContainer.h; sourceTree = "<group>"; };
		CF33A9241F8C2CF000D9B48E /* GMUGroundOverlay.h */ = {isa = PBXFileReference; fileEncoding = 4; lastKnownFileType = sourcecode.c.h; path = GMUGroundOverlay.h; sourceTree = "<group>"; };
		CF33A9251F8C2CF000D9B48E /* GMUGroundOverlay.m */ = {isa = PBXFileReference; fileEncoding = 4; lastKnownFileType = sourcecode.c.objc; path = GMUGroundOverlay.m; sourceTree = "<group>"; };
		CF33A9261F8C2CF000D9B48E /* GMULineString.h */ = {isa = PBXFileReference; fileEncoding = 4; lastKnownFileType = sourcecode.c.h; path = GMULineString.h; sourceTree = "<group>"; };
		CF33A9271F8C2CF000D9B48E /* GMULineString.m */ = {isa = PBXFileReference; fileEncoding = 4; lastKnownFileType = sourcecode.c.objc; path = GMULineString.m; sourceTree = "<group>"; };
		CF33A9281F8C2CF000D9B48E /* GMUPlacemark.h */ = {isa = PBXFileReference; fileEncoding = 4; lastKnownFileType = sourcecode.c.h; path = GMUPlacemark.h; sourceTree = "<group>"; };
		CF33A9291F8C2CF000D9B48E /* GMUPlacemark.m */ = {isa = PBXFileReference; fileEncoding = 4; lastKnownFileType = sourcecode.c.objc; path = GMUPlacemark.m; sourceTree = "<group>"; };
		CF33A92A1F8C2CF000D9B48E /* GMUPoint.h */ = {isa = PBXFileReference; fileEncoding = 4; lastKnownFileType = sourcecode.c.h; path = GMUPoint.h; sourceTree = "<group>"; };
		CF33A92B1F8C2CF000D9B48E /* GMUPoint.m */ = {isa = PBXFileReference; fileEncoding = 4; lastKnownFileType = sourcecode.c.objc; path = GMUPoint.m; sourceTree = "<group>"; };
		CF33A92C1F8C2CF000D9B48E /* GMUPolygon.h */ = {isa = PBXFileReference; fileEncoding = 4; lastKnownFileType = sourcecode.c.h; path = GMUPolygon.h; sourceTree = "<group>"; };
		CF33A92D1F8C2CF000D9B48E /* GMUPolygon.m */ = {isa = PBXFileReference; fileEncoding = 4; lastKnownFileType = sourcecode.c.objc; path = GMUPolygon.m; sourceTree = "<group>"; };
		CF33A92E1F8C2CF000D9B48E /* GMUStyle.h */ = {isa = PBXFileReference; fileEncoding = 4; lastKnownFileType = sourcecode.c.h; path = GMUStyle.h; sourceTree = "<group>"; };
		CF33A92F1F8C2CF000D9B48E /* GMUStyle.m */ = {isa = PBXFileReference; fileEncoding = 4; lastKnownFileType = sourcecode.c.objc; path = GMUStyle.m; sourceTree = "<group>"; };
		CF33A9311F8C2CF000D9B48E /* GQTBounds.h */ = {isa = PBXFileReference; fileEncoding = 4; lastKnownFileType = sourcecode.c.h; path = GQTBounds.h; sourceTree = "<group>"; };
		CF33A9321F8C2CF000D9B48E /* GQTPoint.h */ = {isa = PBXFileReference; fileEncoding = 4; lastKnownFileType = sourcecode.c.h; path = GQTPoint.h; sourceTree = "<group>"; };
		CF33A9331F8C2CF000D9B48E /* GQTPointQuadTree.h */ = {isa = PBXFileReference; fileEncoding = 4; lastKnownFileType = sourcecode.c.h; path = GQTPointQuadTree.h; sourceTree = "<group>"; };
		CF33A9341F8C2CF000D9B48E /* GQTPointQuadTree.m */ = {isa = PBXFileReference; fileEncoding = 4; lastKnownFileType = sourcecode.c.objc; path = GQTPointQuadTree.m; sourceTree = "<group>"; };
		CF33A9351F8C2CF000D9B48E /* GQTPointQuadTreeChild.h */ = {isa = PBXFileReference; fileEncoding = 4; lastKnownFileType = sourcecode.c.h; path = GQTPointQuadTreeChild.h; sourceTree = "<group>"; };
		CF33A9361F8C2CF000D9B48E /* GQTPointQuadTreeChild.m */ = {isa = PBXFileReference; fileEncoding = 4; lastKnownFileType = sourcecode.c.objc; path = GQTPointQuadTreeChild.m; sourceTree = "<group>"; };
		CF33A9371F8C2CF000D9B48E /* GQTPointQuadTreeItem.h */ = {isa = PBXFileReference; fileEncoding = 4; lastKnownFileType = sourcecode.c.h; path = GQTPointQuadTreeItem.h; sourceTree = "<group>"; };
		CF33A9391F8C2CF000D9B48E /* GMUGradient.h */ = {isa = PBXFileReference; fileEncoding = 4; lastKnownFileType = sourcecode.c.h; path = GMUGradient.h; sourceTree = "<group>"; };
		CF33A93A1F8C2CF000D9B48E /* GMUGradient.m */ = {isa = PBXFileReference; fileEncoding = 4; lastKnownFileType = sourcecode.c.objc; path = GMUGradient.m; sourceTree = "<group>"; };
		CF33A93B1F8C2CF000D9B48E /* GMUHeatmapTileLayer.h */ = {isa = PBXFileReference; fileEncoding = 4; lastKnownFileType = sourcecode.c.h; path = GMUHeatmapTileLayer.h; sourceTree = "<group>"; };
		CF33A93C1F8C2CF000D9B48E /* GMUHeatmapTileLayer.m */ = {isa = PBXFileReference; fileEncoding = 4; lastKnownFileType = sourcecode.c.objc; path = GMUHeatmapTileLayer.m; sourceTree = "<group>"; };
		CF33A93D1F8C2CF000D9B48E /* GMUWeightedLatLng.h */ = {isa = PBXFileReference; fileEncoding = 4; lastKnownFileType = sourcecode.c.h; path = GMUWeightedLatLng.h; sourceTree = "<group>"; };
		CF33A93E1F8C2CF000D9B48E /* GMUWeightedLatLng.m */ = {isa = PBXFileReference; fileEncoding = 4; lastKnownFileType = sourcecode.c.objc; path = GMUWeightedLatLng.m; sourceTree = "<group>"; };
		CF33A9411F8C2CF000D9B48E /* GMUClusterAlgorithm.h */ = {isa = PBXFileReference; fileEncoding = 4; lastKnownFileType = sourcecode.c.h; path = GMUClusterAlgorithm.h; sourceTree = "<group>"; };
		CF33A9421F8C2CF000D9B48E /* GMUGridBasedClusterAlgorithm.h */ = {isa = PBXFileReference; fileEncoding = 4; lastKnownFileType = sourcecode.c.h; path = GMUGridBasedClusterAlgorithm.h; sourceTree = "<group>"; };
		CF33A9431F8C2CF000D9B48E /* GMUGridBasedClusterAlgorithm.m */ = {isa = PBXFileReference; fileEncoding = 4; lastKnownFileType = sourcecode.c.objc; path = GMUGridBasedClusterAlgorithm.m; sourceTree = "<group>"; };
		CF33A9441F8C2CF000D9B48E /* GMUNonHierarchicalDistanceBasedAlgorithm.h */ = {isa = PBXFileReference; fileEncoding = 4; lastKnownFileType = sourcecode.c.h; path = GMUNonHierarchicalDistanceBasedAlgorithm.h; sourceTree = "<group>"; };
		CF33A9451F8C2CF000D9B48E /* GMUNonHierarchicalDistanceBasedAlgorithm.m */ = {isa = PBXFileReference; fileEncoding = 4; lastKnownFileType = sourcecode.c.objc; path = GMUNonHierarchicalDistanceBasedAlgorithm.m; sourceTree = "<group>"; };
		CF33A9461F8C2CF000D9B48E /* GMUSimpleClusterAlgorithm.h */ = {isa = PBXFileReference; fileEncoding = 4; lastKnownFileType = sourcecode.c.h; path = GMUSimpleClusterAlgorithm.h; sourceTree = "<group>"; };
		CF33A9471F8C2CF000D9B48E /* GMUSimpleClusterAlgorithm.m */ = {isa = PBXFileReference; fileEncoding = 4; lastKnownFileType = sourcecode.c.objc; path = GMUSimpleClusterAlgorithm.m; sourceTree = "<group>"; };
		CF33A9481F8C2CF000D9B48E /* GMUWrappingDictionaryKey.h */ = {isa = PBXFileReference; fileEncoding = 4; lastKnownFileType = sourcecode.c.h; path = GMUWrappingDictionaryKey.h; sourceTree = "<group>"; };
		CF33A9491F8C2CF000D9B48E /* GMUWrappingDictionaryKey.m */ = {isa = PBXFileReference; fileEncoding = 4; lastKnownFileType = sourcecode.c.objc; path = GMUWrappingDictionaryKey.m; sourceTree = "<group>"; };
		CF33A94A1F8C2CF000D9B48E /* GMUCluster.h */ = {isa = PBXFileReference; fileEncoding = 4; lastKnownFileType = sourcecode.c.h; path = GMUCluster.h; sourceTree = "<group>"; };
		CF33A94B1F8C2CF000D9B48E /* GMUClusterItem.h */ = {isa = PBXFileReference; fileEncoding = 4; lastKnownFileType = sourcecode.c.h; path = GMUClusterItem.h; sourceTree = "<group>"; };
		CF33A94C1F8C2CF000D9B48E /* GMUClusterManager+Testing.h */ = {isa = PBXFileReference; fileEncoding = 4; lastKnownFileType = sourcecode.c.h; path = "GMUClusterManager+Testing.h"; sourceTree = "<group>"; };
		CF33A94D1F8C2CF000D9B48E /* GMUClusterManager.h */ = {isa = PBXFileReference; fileEncoding = 4; lastKnownFileType = sourcecode.c.h; path = GMUClusterManager.h; sourceTree = "<group>"; };
		CF33A94E1F8C2CF000D9B48E /* GMUClusterManager.m */ = {isa = PBXFileReference; fileEncoding = 4; lastKnownFileType = sourcecode.c.objc; path = GMUClusterManager.m; sourceTree = "<group>"; };
		CF33A94F1F8C2CF000D9B48E /* GMUMarkerClustering.h */ = {isa = PBXFileReference; fileEncoding = 4; lastKnownFileType = sourcecode.c.h; path = GMUMarkerClustering.h; sourceTree = "<group>"; };
		CF33A9501F8C2CF000D9B48E /* GMUStaticCluster.h */ = {isa = PBXFileReference; fileEncoding = 4; lastKnownFileType = sourcecode.c.h; path = GMUStaticCluster.h; sourceTree = "<group>"; };
		CF33A9511F8C2CF000D9B48E /* GMUStaticCluster.m */ = {isa = PBXFileReference; fileEncoding = 4; lastKnownFileType = sourcecode.c.objc; path = GMUStaticCluster.m; sourceTree = "<group>"; };
		CF33A9531F8C2CF000D9B48E /* GMUClusterIconGenerator.h */ = {isa = PBXFileReference; fileEncoding = 4; lastKnownFileType = sourcecode.c.h; path = GMUClusterIconGenerator.h; sourceTree = "<group>"; };
		CF33A9541F8C2CF000D9B48E /* GMUClusterRenderer.h */ = {isa = PBXFileReference; fileEncoding = 4; lastKnownFileType = sourcecode.c.h; path = GMUClusterRenderer.h; sourceTree = "<group>"; };
		CF33A9551F8C2CF000D9B48E /* GMUDefaultClusterIconGenerator+Testing.h */ = {isa = PBXFileReference; fileEncoding = 4; lastKnownFileType = sourcecode.c.h; path = "GMUDefaultClusterIconGenerator+Testing.h"; sourceTree = "<group>"; };
		CF33A9561F8C2CF000D9B48E /* GMUDefaultClusterIconGenerator.h */ = {isa = PBXFileReference; fileEncoding = 4; lastKnownFileType = sourcecode.c.h; path = GMUDefaultClusterIconGenerator.h; sourceTree = "<group>"; };
		CF33A9571F8C2CF000D9B48E /* GMUDefaultClusterIconGenerator.m */ = {isa = PBXFileReference; fileEncoding = 4; lastKnownFileType = sourcecode.c.objc; path = GMUDefaultClusterIconGenerator.m; sourceTree = "<group>"; };
		CF33A9581F8C2CF000D9B48E /* GMUDefaultClusterRenderer+Testing.h */ = {isa = PBXFileReference; fileEncoding = 4; lastKnownFileType = sourcecode.c.h; path = "GMUDefaultClusterRenderer+Testing.h"; sourceTree = "<group>"; };
		CF33A9591F8C2CF000D9B48E /* GMUDefaultClusterRenderer.h */ = {isa = PBXFileReference; fileEncoding = 4; lastKnownFileType = sourcecode.c.h; path = GMUDefaultClusterRenderer.h; sourceTree = "<group>"; };
		CF33A95A1F8C2CF000D9B48E /* GMUDefaultClusterRenderer.m */ = {isa = PBXFileReference; fileEncoding = 4; lastKnownFileType = sourcecode.c.objc; path = GMUDefaultClusterRenderer.m; sourceTree = "<group>"; };
		CF46B4ED1FD7926F00740304 /* CrimeWeightViewController.swift */ = {isa = PBXFileReference; fileEncoding = 4; lastKnownFileType = sourcecode.swift; path = CrimeWeightViewController.swift; sourceTree = "<group>"; };
		CF46B4EE1FD7926F00740304 /* CrimeWeightTableViewCell.swift */ = {isa = PBXFileReference; fileEncoding = 4; lastKnownFileType = sourcecode.swift; path = CrimeWeightTableViewCell.swift; sourceTree = "<group>"; };
		CF46B4F01FD7926F00740304 /* AcknowledgmentViewController.swift */ = {isa = PBXFileReference; fileEncoding = 4; lastKnownFileType = sourcecode.swift; path = AcknowledgmentViewController.swift; sourceTree = "<group>"; };
		CF46B4F21FD7926F00740304 /* TermsOfServiceViewController.swift */ = {isa = PBXFileReference; fileEncoding = 4; lastKnownFileType = sourcecode.swift; path = TermsOfServiceViewController.swift; sourceTree = "<group>"; };
		CF46B4F31FD7926F00740304 /* SettingsViewController.swift */ = {isa = PBXFileReference; fileEncoding = 4; lastKnownFileType = sourcecode.swift; path = SettingsViewController.swift; sourceTree = "<group>"; };
		CF46B4F41FD7926F00740304 /* Lighthouse-Bridging-Header.h */ = {isa = PBXFileReference; fileEncoding = 4; lastKnownFileType = sourcecode.c.h; path = "Lighthouse-Bridging-Header.h"; sourceTree = "<group>"; };
		CF46B4F61FD7926F00740304 /* CrimeInfoSummaryView.swift */ = {isa = PBXFileReference; fileEncoding = 4; lastKnownFileType = sourcecode.swift; path = CrimeInfoSummaryView.swift; sourceTree = "<group>"; };
		CF46B4F81FD7926F00740304 /* RouteStep.swift */ = {isa = PBXFileReference; fileEncoding = 4; lastKnownFileType = sourcecode.swift; path = RouteStep.swift; sourceTree = "<group>"; };
		CF46B4F91FD7926F00740304 /* Route.swift */ = {isa = PBXFileReference; fileEncoding = 4; lastKnownFileType = sourcecode.swift; path = Route.swift; sourceTree = "<group>"; };
		CF46B4FB1FD7926F00740304 /* lighthouse_gmaps.xcdatamodel */ = {isa = PBXFileReference; lastKnownFileType = wrapper.xcdatamodel; path = lighthouse_gmaps.xcdatamodel; sourceTree = "<group>"; };
		CF46B4FC1FD7926F00740304 /* Crime.swift */ = {isa = PBXFileReference; fileEncoding = 4; lastKnownFileType = sourcecode.swift; path = Crime.swift; sourceTree = "<group>"; };
		CF46B4FE1FD7926F00740304 /* acknowledge.json */ = {isa = PBXFileReference; fileEncoding = 4; lastKnownFileType = text.json; path = acknowledge.json; sourceTree = "<group>"; };
		CF46B4FF1FD7926F00740304 /* danger_file.json */ = {isa = PBXFileReference; fileEncoding = 4; lastKnownFileType = text.json; path = danger_file.json; sourceTree = "<group>"; };
		CF46B5001FD7926F00740304 /* legal.json */ = {isa = PBXFileReference; fileEncoding = 4; lastKnownFileType = text.json; path = legal.json; sourceTree = "<group>"; };
		CF46B5021FD7926F00740304 /* Connectivity.swift */ = {isa = PBXFileReference; fileEncoding = 4; lastKnownFileType = sourcecode.swift; path = Connectivity.swift; sourceTree = "<group>"; };
		CF46B5031FD7926F00740304 /* Assets.xcassets */ = {isa = PBXFileReference; lastKnownFileType = folder.assetcatalog; path = Assets.xcassets; sourceTree = "<group>"; };
		CF46B5051FD7926F00740304 /* CrimeClusterItem.swift */ = {isa = PBXFileReference; fileEncoding = 4; lastKnownFileType = sourcecode.swift; path = CrimeClusterItem.swift; sourceTree = "<group>"; };
		CF46B5061FD7926F00740304 /* MapClusterRender.swift */ = {isa = PBXFileReference; fileEncoding = 4; lastKnownFileType = sourcecode.swift; path = MapClusterRender.swift; sourceTree = "<group>"; };
		CF46B5081FD7926F00740304 /* InitialLoadViewController.swift */ = {isa = PBXFileReference; fileEncoding = 4; lastKnownFileType = sourcecode.swift; path = InitialLoadViewController.swift; sourceTree = "<group>"; };
		CF46B50A1FD7926F00740304 /* Base */ = {isa = PBXFileReference; lastKnownFileType = file.storyboard; name = Base; path = Base.lproj/LaunchScreen.storyboard; sourceTree = "<group>"; };
		CF46B50C1FD7926F00740304 /* Base */ = {isa = PBXFileReference; lastKnownFileType = file.storyboard; name = Base; path = Base.lproj/Main.storyboard; sourceTree = "<group>"; };
		CF46B50E1FD7926F00740304 /* MapViewController.swift */ = {isa = PBXFileReference; fileEncoding = 4; lastKnownFileType = sourcecode.swift; path = MapViewController.swift; sourceTree = "<group>"; };
		CF46B50F1FD7926F00740304 /* AppDelegate.swift */ = {isa = PBXFileReference; fileEncoding = 4; lastKnownFileType = sourcecode.swift; path = AppDelegate.swift; sourceTree = "<group>"; };
		CF46B5111FD7926F00740304 /* SafetyKeyView.swift */ = {isa = PBXFileReference; fileEncoding = 4; lastKnownFileType = sourcecode.swift; path = SafetyKeyView.swift; sourceTree = "<group>"; };
		CF46B5121FD7926F00740304 /* SafetyKeyView.xib */ = {isa = PBXFileReference; fileEncoding = 4; lastKnownFileType = file.xib; path = SafetyKeyView.xib; sourceTree = "<group>"; };
		CF46B5131FD7926F00740304 /* Info.plist */ = {isa = PBXFileReference; fileEncoding = 4; lastKnownFileType = text.plist.xml; path = Info.plist; sourceTree = "<group>"; };
		CF46B52E1FD7927700740304 /* LighthouseTests.swift */ = {isa = PBXFileReference; fileEncoding = 4; lastKnownFileType = sourcecode.swift; path = LighthouseTests.swift; sourceTree = "<group>"; };
		CF46B52F1FD7927700740304 /* Info.plist */ = {isa = PBXFileReference; fileEncoding = 4; lastKnownFileType = text.plist.xml; path = Info.plist; sourceTree = "<group>"; };
		CF46B5331FD7928400740304 /* LighthouseUITests.swift */ = {isa = PBXFileReference; fileEncoding = 4; lastKnownFileType = sourcecode.swift; path = LighthouseUITests.swift; sourceTree = "<group>"; };
		CF46B5341FD7928400740304 /* Info.plist */ = {isa = PBXFileReference; fileEncoding = 4; lastKnownFileType = text.plist.xml; path = Info.plist; sourceTree = "<group>"; };
		CF46B53B1FD795A900740304 /* CrimeInfoEntryView.xib */ = {isa = PBXFileReference; fileEncoding = 4; lastKnownFileType = file.xib; path = CrimeInfoEntryView.xib; sourceTree = "<group>"; };
		CF46B53C1FD795A900740304 /* CrimeInfoEntryView.swift */ = {isa = PBXFileReference; fileEncoding = 4; lastKnownFileType = sourcecode.swift; path = CrimeInfoEntryView.swift; sourceTree = "<group>"; };
		CF9D92931F895BF9000E9224 /* Lighthouse.app */ = {isa = PBXFileReference; explicitFileType = wrapper.application; includeInIndex = 0; path = Lighthouse.app; sourceTree = BUILT_PRODUCTS_DIR; };
		CF9D92AA1F895BF9000E9224 /* LighthouseTests.xctest */ = {isa = PBXFileReference; explicitFileType = wrapper.cfbundle; includeInIndex = 0; path = LighthouseTests.xctest; sourceTree = BUILT_PRODUCTS_DIR; };
		CF9D92B51F895BF9000E9224 /* LighthouseUITests.xctest */ = {isa = PBXFileReference; explicitFileType = wrapper.cfbundle; includeInIndex = 0; path = LighthouseUITests.xctest; sourceTree = BUILT_PRODUCTS_DIR; };
		D6435C3E11FCD61BF7227D54 /* Pods_LighthouseTests.framework */ = {isa = PBXFileReference; explicitFileType = wrapper.framework; includeInIndex = 0; path = Pods_LighthouseTests.framework; sourceTree = BUILT_PRODUCTS_DIR; };
		E58162424A59921EC79C977E /* Pods_Lighthouse.framework */ = {isa = PBXFileReference; explicitFileType = wrapper.framework; includeInIndex = 0; path = Pods_Lighthouse.framework; sourceTree = BUILT_PRODUCTS_DIR; };
		FE856D44410173E646DA77C6 /* Pods-LighthouseUITests.release.xcconfig */ = {isa = PBXFileReference; includeInIndex = 1; lastKnownFileType = text.xcconfig; name = "Pods-LighthouseUITests.release.xcconfig"; path = "Pods/Target Support Files/Pods-LighthouseUITests/Pods-LighthouseUITests.release.xcconfig"; sourceTree = "<group>"; };
/* End PBXFileReference section */

/* Begin PBXFrameworksBuildPhase section */
		CF9D92901F895BF9000E9224 /* Frameworks */ = {
			isa = PBXFrameworksBuildPhase;
			buildActionMask = 2147483647;
			files = (
				DD157F276FFDAF8C9775BE74 /* Pods_Lighthouse.framework in Frameworks */,
			);
			runOnlyForDeploymentPostprocessing = 0;
		};
		CF9D92A71F895BF9000E9224 /* Frameworks */ = {
			isa = PBXFrameworksBuildPhase;
			buildActionMask = 2147483647;
			files = (
				085595C88867977C4FA6C5D9 /* Pods_LighthouseTests.framework in Frameworks */,
			);
			runOnlyForDeploymentPostprocessing = 0;
		};
		CF9D92B21F895BF9000E9224 /* Frameworks */ = {
			isa = PBXFrameworksBuildPhase;
			buildActionMask = 2147483647;
			files = (
				D040D344DC3453DBD2FAC9EE /* Pods_LighthouseUITests.framework in Frameworks */,
			);
			runOnlyForDeploymentPostprocessing = 0;
		};
/* End PBXFrameworksBuildPhase section */

/* Begin PBXGroup section */
		CF33A8E91F8C2A7900D9B48E /* Google-Maps-iOS-Utils */ = {
			isa = PBXGroup;
			children = (
				CF33A93F1F8C2CF000D9B48E /* Clustering */,
				CF33A9151F8C2CF000D9B48E /* Geometry */,
				CF33A9381F8C2CF000D9B48E /* Heatmap */,
				CF33A9301F8C2CF000D9B48E /* QuadTree */,
			);
			path = "Google-Maps-iOS-Utils";
			sourceTree = "<group>";
		};
		CF33A9151F8C2CF000D9B48E /* Geometry */ = {
			isa = PBXGroup;
			children = (
				CF33A9161F8C2CF000D9B48E /* GMUGeoJSONParser.h */,
				CF33A9171F8C2CF000D9B48E /* GMUGeoJSONParser.m */,
				CF33A9181F8C2CF000D9B48E /* GMUGeometryRenderer+Testing.h */,
				CF33A9191F8C2CF000D9B48E /* GMUGeometryRenderer.h */,
				CF33A91A1F8C2CF000D9B48E /* GMUGeometryRenderer.m */,
				CF33A91B1F8C2CF000D9B48E /* GMUKMLParser.h */,
				CF33A91C1F8C2CF000D9B48E /* GMUKMLParser.m */,
				CF33A91D1F8C2CF000D9B48E /* Model */,
			);
			path = Geometry;
			sourceTree = "<group>";
		};
		CF33A91D1F8C2CF000D9B48E /* Model */ = {
			isa = PBXGroup;
			children = (
				CF33A91E1F8C2CF000D9B48E /* GMUFeature.h */,
				CF33A91F1F8C2CF000D9B48E /* GMUFeature.m */,
				CF33A9201F8C2CF000D9B48E /* GMUGeometry.h */,
				CF33A9211F8C2CF000D9B48E /* GMUGeometryCollection.h */,
				CF33A9221F8C2CF000D9B48E /* GMUGeometryCollection.m */,
				CF33A9231F8C2CF000D9B48E /* GMUGeometryContainer.h */,
				CF33A9241F8C2CF000D9B48E /* GMUGroundOverlay.h */,
				CF33A9251F8C2CF000D9B48E /* GMUGroundOverlay.m */,
				CF33A9261F8C2CF000D9B48E /* GMULineString.h */,
				CF33A9271F8C2CF000D9B48E /* GMULineString.m */,
				CF33A9281F8C2CF000D9B48E /* GMUPlacemark.h */,
				CF33A9291F8C2CF000D9B48E /* GMUPlacemark.m */,
				CF33A92A1F8C2CF000D9B48E /* GMUPoint.h */,
				CF33A92B1F8C2CF000D9B48E /* GMUPoint.m */,
				CF33A92C1F8C2CF000D9B48E /* GMUPolygon.h */,
				CF33A92D1F8C2CF000D9B48E /* GMUPolygon.m */,
				CF33A92E1F8C2CF000D9B48E /* GMUStyle.h */,
				CF33A92F1F8C2CF000D9B48E /* GMUStyle.m */,
			);
			path = Model;
			sourceTree = "<group>";
		};
		CF33A9301F8C2CF000D9B48E /* QuadTree */ = {
			isa = PBXGroup;
			children = (
				CF33A9311F8C2CF000D9B48E /* GQTBounds.h */,
				CF33A9321F8C2CF000D9B48E /* GQTPoint.h */,
				CF33A9331F8C2CF000D9B48E /* GQTPointQuadTree.h */,
				CF33A9341F8C2CF000D9B48E /* GQTPointQuadTree.m */,
				CF33A9351F8C2CF000D9B48E /* GQTPointQuadTreeChild.h */,
				CF33A9361F8C2CF000D9B48E /* GQTPointQuadTreeChild.m */,
				CF33A9371F8C2CF000D9B48E /* GQTPointQuadTreeItem.h */,
			);
			path = QuadTree;
			sourceTree = "<group>";
		};
		CF33A9381F8C2CF000D9B48E /* Heatmap */ = {
			isa = PBXGroup;
			children = (
				CF33A9391F8C2CF000D9B48E /* GMUGradient.h */,
				CF33A93A1F8C2CF000D9B48E /* GMUGradient.m */,
				CF33A93B1F8C2CF000D9B48E /* GMUHeatmapTileLayer.h */,
				CF33A93C1F8C2CF000D9B48E /* GMUHeatmapTileLayer.m */,
				CF33A93D1F8C2CF000D9B48E /* GMUWeightedLatLng.h */,
				CF33A93E1F8C2CF000D9B48E /* GMUWeightedLatLng.m */,
			);
			path = Heatmap;
			sourceTree = "<group>";
		};
		CF33A93F1F8C2CF000D9B48E /* Clustering */ = {
			isa = PBXGroup;
			children = (
				CF33A9401F8C2CF000D9B48E /* Algo */,
				CF33A94A1F8C2CF000D9B48E /* GMUCluster.h */,
				CF33A94B1F8C2CF000D9B48E /* GMUClusterItem.h */,
				CF33A94C1F8C2CF000D9B48E /* GMUClusterManager+Testing.h */,
				CF33A94D1F8C2CF000D9B48E /* GMUClusterManager.h */,
				CF33A94E1F8C2CF000D9B48E /* GMUClusterManager.m */,
				CF33A94F1F8C2CF000D9B48E /* GMUMarkerClustering.h */,
				CF33A9501F8C2CF000D9B48E /* GMUStaticCluster.h */,
				CF33A9511F8C2CF000D9B48E /* GMUStaticCluster.m */,
				CF33A9521F8C2CF000D9B48E /* View */,
			);
			path = Clustering;
			sourceTree = "<group>";
		};
		CF33A9401F8C2CF000D9B48E /* Algo */ = {
			isa = PBXGroup;
			children = (
				CF33A9411F8C2CF000D9B48E /* GMUClusterAlgorithm.h */,
				CF33A9421F8C2CF000D9B48E /* GMUGridBasedClusterAlgorithm.h */,
				CF33A9431F8C2CF000D9B48E /* GMUGridBasedClusterAlgorithm.m */,
				CF33A9441F8C2CF000D9B48E /* GMUNonHierarchicalDistanceBasedAlgorithm.h */,
				CF33A9451F8C2CF000D9B48E /* GMUNonHierarchicalDistanceBasedAlgorithm.m */,
				CF33A9461F8C2CF000D9B48E /* GMUSimpleClusterAlgorithm.h */,
				CF33A9471F8C2CF000D9B48E /* GMUSimpleClusterAlgorithm.m */,
				CF33A9481F8C2CF000D9B48E /* GMUWrappingDictionaryKey.h */,
				CF33A9491F8C2CF000D9B48E /* GMUWrappingDictionaryKey.m */,
			);
			path = Algo;
			sourceTree = "<group>";
		};
		CF33A9521F8C2CF000D9B48E /* View */ = {
			isa = PBXGroup;
			children = (
				CF33A9531F8C2CF000D9B48E /* GMUClusterIconGenerator.h */,
				CF33A9541F8C2CF000D9B48E /* GMUClusterRenderer.h */,
				CF33A9551F8C2CF000D9B48E /* GMUDefaultClusterIconGenerator+Testing.h */,
				CF33A9561F8C2CF000D9B48E /* GMUDefaultClusterIconGenerator.h */,
				CF33A95A1F8C2CF000D9B48E /* GMUDefaultClusterRenderer.m */,
				CF33A9571F8C2CF000D9B48E /* GMUDefaultClusterIconGenerator.m */,
				CF33A9581F8C2CF000D9B48E /* GMUDefaultClusterRenderer+Testing.h */,
				CF33A9591F8C2CF000D9B48E /* GMUDefaultClusterRenderer.h */,
			);
			path = View;
			sourceTree = "<group>";
		};
		CF46B4EA1FD7926F00740304 /* Lighthouse */ = {
			isa = PBXGroup;
			children = (
				CF46B4F41FD7926F00740304 /* Lighthouse-Bridging-Header.h */,
				CF46B4EB1FD7926F00740304 /* Settings */,
				CF46B4F51FD7926F00740304 /* CrimeInfo */,
				CF46B4F71FD7926F00740304 /* Route */,
				CF46B4FA1FD7926F00740304 /* Lighthouse.xcdatamodeld */,
				CF46B4FC1FD7926F00740304 /* Crime.swift */,
				CF46B4FD1FD7926F00740304 /* Resources */,
				CF46B5011FD7926F00740304 /* Network */,
				CF46B5031FD7926F00740304 /* Assets.xcassets */,
				CF46B5041FD7926F00740304 /* Clustering */,
				CF46B5071FD7926F00740304 /* InitialLoadController */,
				CF46B5091FD7926F00740304 /* LaunchScreen.storyboard */,
				CF46B50B1FD7926F00740304 /* Main.storyboard */,
				CF46B50D1FD7926F00740304 /* MapViewController */,
				CF46B50F1FD7926F00740304 /* AppDelegate.swift */,
				CF46B5101FD7926F00740304 /* SafetyKey */,
				CF46B5131FD7926F00740304 /* Info.plist */,
			);
			path = Lighthouse;
			sourceTree = "<group>";
		};
		CF46B4EB1FD7926F00740304 /* Settings */ = {
			isa = PBXGroup;
			children = (
				CF46B4EC1FD7926F00740304 /* CrimeWeight */,
				CF46B4EF1FD7926F00740304 /* Acknowledgment */,
				CF46B4F11FD7926F00740304 /* TermsOfService */,
				CF46B4F31FD7926F00740304 /* SettingsViewController.swift */,
			);
			path = Settings;
			sourceTree = "<group>";
		};
		CF46B4EC1FD7926F00740304 /* CrimeWeight */ = {
			isa = PBXGroup;
			children = (
				CF46B4ED1FD7926F00740304 /* CrimeWeightViewController.swift */,
				CF46B4EE1FD7926F00740304 /* CrimeWeightTableViewCell.swift */,
			);
			path = CrimeWeight;
			sourceTree = "<group>";
		};
		CF46B4EF1FD7926F00740304 /* Acknowledgment */ = {
			isa = PBXGroup;
			children = (
				CF46B4F01FD7926F00740304 /* AcknowledgmentViewController.swift */,
			);
			path = Acknowledgment;
			sourceTree = "<group>";
		};
		CF46B4F11FD7926F00740304 /* TermsOfService */ = {
			isa = PBXGroup;
			children = (
				CF46B4F21FD7926F00740304 /* TermsOfServiceViewController.swift */,
			);
			path = TermsOfService;
			sourceTree = "<group>";
		};
		CF46B4F51FD7926F00740304 /* CrimeInfo */ = {
			isa = PBXGroup;
			children = (
				CF46B53C1FD795A900740304 /* CrimeInfoEntryView.swift */,
				CF46B53B1FD795A900740304 /* CrimeInfoEntryView.xib */,
				CF46B4F61FD7926F00740304 /* CrimeInfoSummaryView.swift */,
			);
			path = CrimeInfo;
			sourceTree = "<group>";
		};
		CF46B4F71FD7926F00740304 /* Route */ = {
			isa = PBXGroup;
			children = (
				CF46B4F81FD7926F00740304 /* RouteStep.swift */,
				CF46B4F91FD7926F00740304 /* Route.swift */,
			);
			path = Route;
			sourceTree = "<group>";
		};
		CF46B4FD1FD7926F00740304 /* Resources */ = {
			isa = PBXGroup;
			children = (
				CF46B4FE1FD7926F00740304 /* acknowledge.json */,
				CF46B4FF1FD7926F00740304 /* danger_file.json */,
				CF46B5001FD7926F00740304 /* legal.json */,
			);
			path = Resources;
			sourceTree = "<group>";
		};
		CF46B5011FD7926F00740304 /* Network */ = {
			isa = PBXGroup;
			children = (
				CF46B5021FD7926F00740304 /* Connectivity.swift */,
			);
			path = Network;
			sourceTree = "<group>";
		};
		CF46B5041FD7926F00740304 /* Clustering */ = {
			isa = PBXGroup;
			children = (
				CF46B5051FD7926F00740304 /* CrimeClusterItem.swift */,
				CF46B5061FD7926F00740304 /* MapClusterRender.swift */,
			);
			path = Clustering;
			sourceTree = "<group>";
		};
		CF46B5071FD7926F00740304 /* InitialLoadController */ = {
			isa = PBXGroup;
			children = (
				CF46B5081FD7926F00740304 /* InitialLoadViewController.swift */,
			);
			path = InitialLoadController;
			sourceTree = "<group>";
		};
		CF46B50D1FD7926F00740304 /* MapViewController */ = {
			isa = PBXGroup;
			children = (
				CF46B50E1FD7926F00740304 /* MapViewController.swift */,
			);
			path = MapViewController;
			sourceTree = "<group>";
		};
		CF46B5101FD7926F00740304 /* SafetyKey */ = {
			isa = PBXGroup;
			children = (
				CF46B5111FD7926F00740304 /* SafetyKeyView.swift */,
				CF46B5121FD7926F00740304 /* SafetyKeyView.xib */,
			);
			path = SafetyKey;
			sourceTree = "<group>";
		};
		CF46B52D1FD7927700740304 /* LighthouseTests */ = {
			isa = PBXGroup;
			children = (
				CF46B52E1FD7927700740304 /* LighthouseTests.swift */,
				CF46B52F1FD7927700740304 /* Info.plist */,
			);
			path = LighthouseTests;
			sourceTree = SOURCE_ROOT;
		};
		CF46B5321FD7928400740304 /* LighthouseUITests */ = {
			isa = PBXGroup;
			children = (
				CF46B5331FD7928400740304 /* LighthouseUITests.swift */,
				CF46B5341FD7928400740304 /* Info.plist */,
			);
			path = LighthouseUITests;
			sourceTree = "<group>";
		};
		CF9D928A1F895BF8000E9224 = {
			isa = PBXGroup;
			children = (
				CF46B4EA1FD7926F00740304 /* Lighthouse */,
				CF46B52D1FD7927700740304 /* LighthouseTests */,
				CF46B5321FD7928400740304 /* LighthouseUITests */,
				CF33A8E91F8C2A7900D9B48E /* Google-Maps-iOS-Utils */,
				CF9D92941F895BF9000E9224 /* Products */,
				F2F80861ED5964C32702D2B7 /* Pods */,
				E86D3BA81693DCD3DBDB4218 /* Frameworks */,
			);
			sourceTree = "<group>";
		};
		CF9D92941F895BF9000E9224 /* Products */ = {
			isa = PBXGroup;
			children = (
				CF9D92931F895BF9000E9224 /* Lighthouse.app */,
				CF9D92AA1F895BF9000E9224 /* LighthouseTests.xctest */,
				CF9D92B51F895BF9000E9224 /* LighthouseUITests.xctest */,
			);
			name = Products;
			sourceTree = "<group>";
		};
		E86D3BA81693DCD3DBDB4218 /* Frameworks */ = {
			isa = PBXGroup;
			children = (
				E58162424A59921EC79C977E /* Pods_Lighthouse.framework */,
				D6435C3E11FCD61BF7227D54 /* Pods_LighthouseTests.framework */,
				307D4DC41A4B87083C252EA0 /* Pods_LighthouseUITests.framework */,
			);
			name = Frameworks;
			sourceTree = "<group>";
		};
		F2F80861ED5964C32702D2B7 /* Pods */ = {
			isa = PBXGroup;
			children = (
				0F363607219D4FC42B7E8B57 /* Pods-Lighthouse.debug.xcconfig */,
				664778F032691F41EFBFCC7B /* Pods-Lighthouse.release.xcconfig */,
				C110DE0CB12DE2D2396945D3 /* Pods-LighthouseTests.debug.xcconfig */,
				1B5CDF39A78D71E8B2225B56 /* Pods-LighthouseTests.release.xcconfig */,
				87C0E42CEE67A502C85230BD /* Pods-LighthouseUITests.debug.xcconfig */,
				FE856D44410173E646DA77C6 /* Pods-LighthouseUITests.release.xcconfig */,
			);
			name = Pods;
			sourceTree = "<group>";
		};
/* End PBXGroup section */

/* Begin PBXNativeTarget section */
		CF9D92921F895BF9000E9224 /* Lighthouse */ = {
			isa = PBXNativeTarget;
			buildConfigurationList = CF9D92BE1F895BF9000E9224 /* Build configuration list for PBXNativeTarget "Lighthouse" */;
			buildPhases = (
				A78022C80CFAD18B672BE2B0 /* [CP] Check Pods Manifest.lock */,
				CF9D928F1F895BF9000E9224 /* Sources */,
				CF9D92901F895BF9000E9224 /* Frameworks */,
				CF9D92911F895BF9000E9224 /* Resources */,
				8CA7C4C610C2E713E43DF0B0 /* [CP] Embed Pods Frameworks */,
				5FC2C128C25BB0C9C2C1037F /* [CP] Copy Pods Resources */,
			);
			buildRules = (
			);
			dependencies = (
			);
			name = Lighthouse;
			productName = "lighthouse-gmaps";
			productReference = CF9D92931F895BF9000E9224 /* Lighthouse.app */;
			productType = "com.apple.product-type.application";
		};
		CF9D92A91F895BF9000E9224 /* LighthouseTests */ = {
			isa = PBXNativeTarget;
			buildConfigurationList = CF9D92C11F895BF9000E9224 /* Build configuration list for PBXNativeTarget "LighthouseTests" */;
			buildPhases = (
				EB3C4CEEA6421C08E5F2F444 /* [CP] Check Pods Manifest.lock */,
				CF9D92A61F895BF9000E9224 /* Sources */,
				CF9D92A71F895BF9000E9224 /* Frameworks */,
				CF9D92A81F895BF9000E9224 /* Resources */,
				C977A8934A3FCF4B037DB880 /* [CP] Embed Pods Frameworks */,
				A7785254D470F8A0EABCB1FE /* [CP] Copy Pods Resources */,
			);
			buildRules = (
			);
			dependencies = (
				CF9D92AC1F895BF9000E9224 /* PBXTargetDependency */,
			);
			name = LighthouseTests;
			productName = "lighthouse-gmapsTests";
			productReference = CF9D92AA1F895BF9000E9224 /* LighthouseTests.xctest */;
			productType = "com.apple.product-type.bundle.unit-test";
		};
		CF9D92B41F895BF9000E9224 /* LighthouseUITests */ = {
			isa = PBXNativeTarget;
			buildConfigurationList = CF9D92C41F895BF9000E9224 /* Build configuration list for PBXNativeTarget "LighthouseUITests" */;
			buildPhases = (
				FE42948D928F752E1E93E587 /* [CP] Check Pods Manifest.lock */,
				CF9D92B11F895BF9000E9224 /* Sources */,
				CF9D92B21F895BF9000E9224 /* Frameworks */,
				CF9D92B31F895BF9000E9224 /* Resources */,
				2F1273E00C67154D962B2CE0 /* [CP] Embed Pods Frameworks */,
				257AA33126F34B42CA78EF0E /* [CP] Copy Pods Resources */,
			);
			buildRules = (
			);
			dependencies = (
				CF9D92B71F895BF9000E9224 /* PBXTargetDependency */,
			);
			name = LighthouseUITests;
			productName = "lighthouse-gmapsUITests";
			productReference = CF9D92B51F895BF9000E9224 /* LighthouseUITests.xctest */;
			productType = "com.apple.product-type.bundle.ui-testing";
		};
/* End PBXNativeTarget section */

/* Begin PBXProject section */
		CF9D928B1F895BF8000E9224 /* Project object */ = {
			isa = PBXProject;
			attributes = {
				LastSwiftUpdateCheck = 0900;
				LastUpgradeCheck = 0900;
				ORGANIZATIONNAME = LightHouse;
				TargetAttributes = {
					CF9D92921F895BF9000E9224 = {
						CreatedOnToolsVersion = 9.0;
						LastSwiftMigration = 0900;
						ProvisioningStyle = Automatic;
					};
					CF9D92A91F895BF9000E9224 = {
						CreatedOnToolsVersion = 9.0;
						ProvisioningStyle = Automatic;
						TestTargetID = CF9D92921F895BF9000E9224;
					};
					CF9D92B41F895BF9000E9224 = {
						CreatedOnToolsVersion = 9.0;
						ProvisioningStyle = Automatic;
						TestTargetID = CF9D92921F895BF9000E9224;
					};
				};
			};
			buildConfigurationList = CF9D928E1F895BF8000E9224 /* Build configuration list for PBXProject "Lighthouse" */;
			compatibilityVersion = "Xcode 8.0";
			developmentRegion = en;
			hasScannedForEncodings = 0;
			knownRegions = (
				en,
				Base,
			);
			mainGroup = CF9D928A1F895BF8000E9224;
			productRefGroup = CF9D92941F895BF9000E9224 /* Products */;
			projectDirPath = "";
			projectRoot = "";
			targets = (
				CF9D92921F895BF9000E9224 /* Lighthouse */,
				CF9D92A91F895BF9000E9224 /* LighthouseTests */,
				CF9D92B41F895BF9000E9224 /* LighthouseUITests */,
			);
		};
/* End PBXProject section */

/* Begin PBXResourcesBuildPhase section */
		CF9D92911F895BF9000E9224 /* Resources */ = {
			isa = PBXResourcesBuildPhase;
			buildActionMask = 2147483647;
			files = (
				CF46B53D1FD795A900740304 /* CrimeInfoEntryView.xib in Resources */,
				CF46B51F1FD7926F00740304 /* danger_file.json in Resources */,
				CF46B51E1FD7926F00740304 /* acknowledge.json in Resources */,
				CF46B5221FD7926F00740304 /* Assets.xcassets in Resources */,
				CF46B5271FD7926F00740304 /* Main.storyboard in Resources */,
				CF46B5261FD7926F00740304 /* LaunchScreen.storyboard in Resources */,
				CF46B5201FD7926F00740304 /* legal.json in Resources */,
				CF46B52B1FD7926F00740304 /* SafetyKeyView.xib in Resources */,
			);
			runOnlyForDeploymentPostprocessing = 0;
		};
		CF9D92A81F895BF9000E9224 /* Resources */ = {
			isa = PBXResourcesBuildPhase;
			buildActionMask = 2147483647;
			files = (
				CF46B5381FD7945700740304 /* Info.plist in Resources */,
			);
			runOnlyForDeploymentPostprocessing = 0;
		};
		CF9D92B31F895BF9000E9224 /* Resources */ = {
			isa = PBXResourcesBuildPhase;
			buildActionMask = 2147483647;
			files = (
				CF46B53A1FD7946000740304 /* Info.plist in Resources */,
			);
			runOnlyForDeploymentPostprocessing = 0;
		};
/* End PBXResourcesBuildPhase section */

/* Begin PBXShellScriptBuildPhase section */
		257AA33126F34B42CA78EF0E /* [CP] Copy Pods Resources */ = {
			isa = PBXShellScriptBuildPhase;
			buildActionMask = 2147483647;
			files = (
			);
			inputPaths = (
			);
			name = "[CP] Copy Pods Resources";
			outputPaths = (
			);
			runOnlyForDeploymentPostprocessing = 0;
			shellPath = /bin/sh;
			shellScript = "\"${SRCROOT}/Pods/Target Support Files/Pods-LighthouseUITests/Pods-LighthouseUITests-resources.sh\"\n";
			showEnvVarsInLog = 0;
		};
		2F1273E00C67154D962B2CE0 /* [CP] Embed Pods Frameworks */ = {
			isa = PBXShellScriptBuildPhase;
			buildActionMask = 2147483647;
			files = (
			);
			inputPaths = (
			);
			name = "[CP] Embed Pods Frameworks";
			outputPaths = (
			);
			runOnlyForDeploymentPostprocessing = 0;
			shellPath = /bin/sh;
			shellScript = "\"${SRCROOT}/Pods/Target Support Files/Pods-LighthouseUITests/Pods-LighthouseUITests-frameworks.sh\"\n";
			showEnvVarsInLog = 0;
		};
		5FC2C128C25BB0C9C2C1037F /* [CP] Copy Pods Resources */ = {
			isa = PBXShellScriptBuildPhase;
			buildActionMask = 2147483647;
			files = (
			);
			inputPaths = (
				"${SRCROOT}/Pods/Target Support Files/Pods-Lighthouse/Pods-Lighthouse-resources.sh",
				"${PODS_ROOT}/GoogleMaps/Maps/Frameworks/GoogleMaps.framework/Resources/GoogleMaps.bundle",
				"${PODS_ROOT}/GooglePlaces/Frameworks/GooglePlaces.framework/Resources/GooglePlaces.bundle",
			);
			name = "[CP] Copy Pods Resources";
			outputPaths = (
				"${TARGET_BUILD_DIR}/${UNLOCALIZED_RESOURCES_FOLDER_PATH}",
			);
			runOnlyForDeploymentPostprocessing = 0;
			shellPath = /bin/sh;
			shellScript = "\"${SRCROOT}/Pods/Target Support Files/Pods-Lighthouse/Pods-Lighthouse-resources.sh\"\n";
			showEnvVarsInLog = 0;
		};
		8CA7C4C610C2E713E43DF0B0 /* [CP] Embed Pods Frameworks */ = {
			isa = PBXShellScriptBuildPhase;
			buildActionMask = 2147483647;
			files = (
			);
			inputPaths = (
				"${SRCROOT}/Pods/Target Support Files/Pods-Lighthouse/Pods-Lighthouse-frameworks.sh",
				"${BUILT_PRODUCTS_DIR}/Alamofire/Alamofire.framework",
				"${BUILT_PRODUCTS_DIR}/AlamofireNetworkActivityIndicator/AlamofireNetworkActivityIndicator.framework",
				"${BUILT_PRODUCTS_DIR}/MBProgressHUD/MBProgressHUD.framework",
				"${BUILT_PRODUCTS_DIR}/SwiftyJSON/SwiftyJSON.framework",
			);
			name = "[CP] Embed Pods Frameworks";
			outputPaths = (
				"${TARGET_BUILD_DIR}/${FRAMEWORKS_FOLDER_PATH}/Alamofire.framework",
				"${TARGET_BUILD_DIR}/${FRAMEWORKS_FOLDER_PATH}/AlamofireNetworkActivityIndicator.framework",
				"${TARGET_BUILD_DIR}/${FRAMEWORKS_FOLDER_PATH}/MBProgressHUD.framework",
				"${TARGET_BUILD_DIR}/${FRAMEWORKS_FOLDER_PATH}/SwiftyJSON.framework",
			);
			runOnlyForDeploymentPostprocessing = 0;
			shellPath = /bin/sh;
			shellScript = "\"${SRCROOT}/Pods/Target Support Files/Pods-Lighthouse/Pods-Lighthouse-frameworks.sh\"\n";
			showEnvVarsInLog = 0;
		};
		A7785254D470F8A0EABCB1FE /* [CP] Copy Pods Resources */ = {
			isa = PBXShellScriptBuildPhase;
			buildActionMask = 2147483647;
			files = (
			);
			inputPaths = (
			);
			name = "[CP] Copy Pods Resources";
			outputPaths = (
			);
			runOnlyForDeploymentPostprocessing = 0;
			shellPath = /bin/sh;
			shellScript = "\"${SRCROOT}/Pods/Target Support Files/Pods-LighthouseTests/Pods-LighthouseTests-resources.sh\"\n";
			showEnvVarsInLog = 0;
		};
		A78022C80CFAD18B672BE2B0 /* [CP] Check Pods Manifest.lock */ = {
			isa = PBXShellScriptBuildPhase;
			buildActionMask = 2147483647;
			files = (
			);
			inputPaths = (
				"${PODS_PODFILE_DIR_PATH}/Podfile.lock",
				"${PODS_ROOT}/Manifest.lock",
			);
			name = "[CP] Check Pods Manifest.lock";
			outputPaths = (
				"$(DERIVED_FILE_DIR)/Pods-Lighthouse-checkManifestLockResult.txt",
			);
			runOnlyForDeploymentPostprocessing = 0;
			shellPath = /bin/sh;
			shellScript = "diff \"${PODS_PODFILE_DIR_PATH}/Podfile.lock\" \"${PODS_ROOT}/Manifest.lock\" > /dev/null\nif [ $? != 0 ] ; then\n    # print error to STDERR\n    echo \"error: The sandbox is not in sync with the Podfile.lock. Run 'pod install' or update your CocoaPods installation.\" >&2\n    exit 1\nfi\n# This output is used by Xcode 'outputs' to avoid re-running this script phase.\necho \"SUCCESS\" > \"${SCRIPT_OUTPUT_FILE_0}\"\n";
			showEnvVarsInLog = 0;
		};
		C977A8934A3FCF4B037DB880 /* [CP] Embed Pods Frameworks */ = {
			isa = PBXShellScriptBuildPhase;
			buildActionMask = 2147483647;
			files = (
			);
			inputPaths = (
			);
			name = "[CP] Embed Pods Frameworks";
			outputPaths = (
			);
			runOnlyForDeploymentPostprocessing = 0;
			shellPath = /bin/sh;
			shellScript = "\"${SRCROOT}/Pods/Target Support Files/Pods-LighthouseTests/Pods-LighthouseTests-frameworks.sh\"\n";
			showEnvVarsInLog = 0;
		};
		EB3C4CEEA6421C08E5F2F444 /* [CP] Check Pods Manifest.lock */ = {
			isa = PBXShellScriptBuildPhase;
			buildActionMask = 2147483647;
			files = (
			);
			inputPaths = (
				"${PODS_PODFILE_DIR_PATH}/Podfile.lock",
				"${PODS_ROOT}/Manifest.lock",
			);
			name = "[CP] Check Pods Manifest.lock";
			outputPaths = (
				"$(DERIVED_FILE_DIR)/Pods-LighthouseTests-checkManifestLockResult.txt",
			);
			runOnlyForDeploymentPostprocessing = 0;
			shellPath = /bin/sh;
			shellScript = "diff \"${PODS_PODFILE_DIR_PATH}/Podfile.lock\" \"${PODS_ROOT}/Manifest.lock\" > /dev/null\nif [ $? != 0 ] ; then\n    # print error to STDERR\n    echo \"error: The sandbox is not in sync with the Podfile.lock. Run 'pod install' or update your CocoaPods installation.\" >&2\n    exit 1\nfi\n# This output is used by Xcode 'outputs' to avoid re-running this script phase.\necho \"SUCCESS\" > \"${SCRIPT_OUTPUT_FILE_0}\"\n";
			showEnvVarsInLog = 0;
		};
		FE42948D928F752E1E93E587 /* [CP] Check Pods Manifest.lock */ = {
			isa = PBXShellScriptBuildPhase;
			buildActionMask = 2147483647;
			files = (
			);
			inputPaths = (
				"${PODS_PODFILE_DIR_PATH}/Podfile.lock",
				"${PODS_ROOT}/Manifest.lock",
			);
			name = "[CP] Check Pods Manifest.lock";
			outputPaths = (
				"$(DERIVED_FILE_DIR)/Pods-LighthouseUITests-checkManifestLockResult.txt",
			);
			runOnlyForDeploymentPostprocessing = 0;
			shellPath = /bin/sh;
			shellScript = "diff \"${PODS_PODFILE_DIR_PATH}/Podfile.lock\" \"${PODS_ROOT}/Manifest.lock\" > /dev/null\nif [ $? != 0 ] ; then\n    # print error to STDERR\n    echo \"error: The sandbox is not in sync with the Podfile.lock. Run 'pod install' or update your CocoaPods installation.\" >&2\n    exit 1\nfi\n# This output is used by Xcode 'outputs' to avoid re-running this script phase.\necho \"SUCCESS\" > \"${SCRIPT_OUTPUT_FILE_0}\"\n";
			showEnvVarsInLog = 0;
		};
/* End PBXShellScriptBuildPhase section */

/* Begin PBXSourcesBuildPhase section */
		CF9D928F1F895BF9000E9224 /* Sources */ = {
			isa = PBXSourcesBuildPhase;
			buildActionMask = 2147483647;
			files = (
				CF46B5141FD7926F00740304 /* CrimeWeightViewController.swift in Sources */,
				CF33A9651F8C2CF000D9B48E /* GMUStyle.m in Sources */,
				CF33A95F1F8C2CF000D9B48E /* GMUGeometryCollection.m in Sources */,
				CF46B5251FD7926F00740304 /* InitialLoadViewController.swift in Sources */,
				CF33A9641F8C2CF000D9B48E /* GMUPolygon.m in Sources */,
				CF46B51D1FD7926F00740304 /* Crime.swift in Sources */,
				CF33A9621F8C2CF000D9B48E /* GMUPlacemark.m in Sources */,
				CF33A96E1F8C2CF000D9B48E /* GMUWrappingDictionaryKey.m in Sources */,
				CF46B5291FD7926F00740304 /* AppDelegate.swift in Sources */,
				CF33A9631F8C2CF000D9B48E /* GMUPoint.m in Sources */,
				CF33A95D1F8C2CF000D9B48E /* GMUKMLParser.m in Sources */,
				CF46B5191FD7926F00740304 /* CrimeInfoSummaryView.swift in Sources */,
				CF46B53E1FD795A900740304 /* CrimeInfoEntryView.swift in Sources */,
				CF46B51C1FD7926F00740304 /* Lighthouse.xcdatamodeld in Sources */,
				CF33A9711F8C2CF000D9B48E /* GMUDefaultClusterIconGenerator.m in Sources */,
				CF33A96A1F8C2CF000D9B48E /* GMUWeightedLatLng.m in Sources */,
				CF33A9661F8C2CF000D9B48E /* GQTPointQuadTree.m in Sources */,
				CF33A96F1F8C2CF000D9B48E /* GMUClusterManager.m in Sources */,
				CF46B5241FD7926F00740304 /* MapClusterRender.swift in Sources */,
				CF46B5151FD7926F00740304 /* CrimeWeightTableViewCell.swift in Sources */,
				CF46B5161FD7926F00740304 /* AcknowledgmentViewController.swift in Sources */,
				CF46B5281FD7926F00740304 /* MapViewController.swift in Sources */,
				CF33A9671F8C2CF000D9B48E /* GQTPointQuadTreeChild.m in Sources */,
				CF33A96B1F8C2CF000D9B48E /* GMUGridBasedClusterAlgorithm.m in Sources */,
				CF33A95C1F8C2CF000D9B48E /* GMUGeometryRenderer.m in Sources */,
				CF33A9611F8C2CF000D9B48E /* GMULineString.m in Sources */,
				CF33A96C1F8C2CF000D9B48E /* GMUNonHierarchicalDistanceBasedAlgorithm.m in Sources */,
				CF33A9691F8C2CF000D9B48E /* GMUHeatmapTileLayer.m in Sources */,
				CF46B51B1FD7926F00740304 /* Route.swift in Sources */,
				CF33A95E1F8C2CF000D9B48E /* GMUFeature.m in Sources */,
				CF46B51A1FD7926F00740304 /* RouteStep.swift in Sources */,
				CF46B52A1FD7926F00740304 /* SafetyKeyView.swift in Sources */,
				CF46B5231FD7926F00740304 /* CrimeClusterItem.swift in Sources */,
				CF33A96D1F8C2CF000D9B48E /* GMUSimpleClusterAlgorithm.m in Sources */,
				CF46B5211FD7926F00740304 /* Connectivity.swift in Sources */,
				CF33A9681F8C2CF000D9B48E /* GMUGradient.m in Sources */,
				CF46B5181FD7926F00740304 /* SettingsViewController.swift in Sources */,
				CF33A95B1F8C2CF000D9B48E /* GMUGeoJSONParser.m in Sources */,
				CF33A9721F8C2CF000D9B48E /* GMUDefaultClusterRenderer.m in Sources */,
				CF46B5171FD7926F00740304 /* TermsOfServiceViewController.swift in Sources */,
				CF33A9701F8C2CF000D9B48E /* GMUStaticCluster.m in Sources */,
				CF33A9601F8C2CF000D9B48E /* GMUGroundOverlay.m in Sources */,
			);
			runOnlyForDeploymentPostprocessing = 0;
		};
		CF9D92A61F895BF9000E9224 /* Sources */ = {
			isa = PBXSourcesBuildPhase;
			buildActionMask = 2147483647;
			files = (
				CF46B5371FD7945500740304 /* LighthouseTests.swift in Sources */,
			);
			runOnlyForDeploymentPostprocessing = 0;
		};
		CF9D92B11F895BF9000E9224 /* Sources */ = {
			isa = PBXSourcesBuildPhase;
			buildActionMask = 2147483647;
			files = (
				CF46B5391FD7945C00740304 /* LighthouseUITests.swift in Sources */,
			);
			runOnlyForDeploymentPostprocessing = 0;
		};
/* End PBXSourcesBuildPhase section */

/* Begin PBXTargetDependency section */
		CF9D92AC1F895BF9000E9224 /* PBXTargetDependency */ = {
			isa = PBXTargetDependency;
			target = CF9D92921F895BF9000E9224 /* Lighthouse */;
			targetProxy = CF9D92AB1F895BF9000E9224 /* PBXContainerItemProxy */;
		};
		CF9D92B71F895BF9000E9224 /* PBXTargetDependency */ = {
			isa = PBXTargetDependency;
			target = CF9D92921F895BF9000E9224 /* Lighthouse */;
			targetProxy = CF9D92B61F895BF9000E9224 /* PBXContainerItemProxy */;
		};
/* End PBXTargetDependency section */

/* Begin PBXVariantGroup section */
		CF46B5091FD7926F00740304 /* LaunchScreen.storyboard */ = {
			isa = PBXVariantGroup;
			children = (
				CF46B50A1FD7926F00740304 /* Base */,
			);
			name = LaunchScreen.storyboard;
			sourceTree = "<group>";
		};
		CF46B50B1FD7926F00740304 /* Main.storyboard */ = {
			isa = PBXVariantGroup;
			children = (
				CF46B50C1FD7926F00740304 /* Base */,
			);
			name = Main.storyboard;
			sourceTree = "<group>";
		};
/* End PBXVariantGroup section */

/* Begin XCBuildConfiguration section */
		CF9D92BC1F895BF9000E9224 /* Debug */ = {
			isa = XCBuildConfiguration;
			buildSettings = {
				ALWAYS_SEARCH_USER_PATHS = NO;
				CLANG_ANALYZER_NONNULL = YES;
				CLANG_ANALYZER_NUMBER_OBJECT_CONVERSION = YES_AGGRESSIVE;
				CLANG_CXX_LANGUAGE_STANDARD = "gnu++14";
				CLANG_CXX_LIBRARY = "libc++";
				CLANG_ENABLE_MODULES = YES;
				CLANG_ENABLE_OBJC_ARC = YES;
				CLANG_WARN_BLOCK_CAPTURE_AUTORELEASING = YES;
				CLANG_WARN_BOOL_CONVERSION = YES;
				CLANG_WARN_COMMA = YES;
				CLANG_WARN_CONSTANT_CONVERSION = YES;
				CLANG_WARN_DIRECT_OBJC_ISA_USAGE = YES_ERROR;
				CLANG_WARN_DOCUMENTATION_COMMENTS = YES;
				CLANG_WARN_EMPTY_BODY = YES;
				CLANG_WARN_ENUM_CONVERSION = YES;
				CLANG_WARN_INFINITE_RECURSION = YES;
				CLANG_WARN_INT_CONVERSION = YES;
				CLANG_WARN_NON_LITERAL_NULL_CONVERSION = YES;
				CLANG_WARN_OBJC_LITERAL_CONVERSION = YES;
				CLANG_WARN_OBJC_ROOT_CLASS = YES_ERROR;
				CLANG_WARN_RANGE_LOOP_ANALYSIS = YES;
				CLANG_WARN_STRICT_PROTOTYPES = YES;
				CLANG_WARN_SUSPICIOUS_MOVE = YES;
				CLANG_WARN_UNGUARDED_AVAILABILITY = YES_AGGRESSIVE;
				CLANG_WARN_UNREACHABLE_CODE = YES;
				CLANG_WARN__DUPLICATE_METHOD_MATCH = YES;
				CODE_SIGN_IDENTITY = "iPhone Developer";
				COPY_PHASE_STRIP = NO;
				DEBUG_INFORMATION_FORMAT = dwarf;
				ENABLE_STRICT_OBJC_MSGSEND = YES;
				ENABLE_TESTABILITY = YES;
				GCC_C_LANGUAGE_STANDARD = gnu11;
				GCC_DYNAMIC_NO_PIC = NO;
				GCC_NO_COMMON_BLOCKS = YES;
				GCC_OPTIMIZATION_LEVEL = 0;
				GCC_PREPROCESSOR_DEFINITIONS = (
					"DEBUG=1",
					"$(inherited)",
				);
				GCC_WARN_64_TO_32_BIT_CONVERSION = YES;
				GCC_WARN_ABOUT_RETURN_TYPE = YES_ERROR;
				GCC_WARN_UNDECLARED_SELECTOR = YES;
				GCC_WARN_UNINITIALIZED_AUTOS = YES_AGGRESSIVE;
				GCC_WARN_UNUSED_FUNCTION = YES;
				GCC_WARN_UNUSED_VARIABLE = YES;
				IPHONEOS_DEPLOYMENT_TARGET = 11.0;
				MTL_ENABLE_DEBUG_INFO = YES;
				ONLY_ACTIVE_ARCH = YES;
				SDKROOT = iphoneos;
				SWIFT_ACTIVE_COMPILATION_CONDITIONS = DEBUG;
				SWIFT_OPTIMIZATION_LEVEL = "-Onone";
			};
			name = Debug;
		};
		CF9D92BD1F895BF9000E9224 /* Release */ = {
			isa = XCBuildConfiguration;
			buildSettings = {
				ALWAYS_SEARCH_USER_PATHS = NO;
				CLANG_ANALYZER_NONNULL = YES;
				CLANG_ANALYZER_NUMBER_OBJECT_CONVERSION = YES_AGGRESSIVE;
				CLANG_CXX_LANGUAGE_STANDARD = "gnu++14";
				CLANG_CXX_LIBRARY = "libc++";
				CLANG_ENABLE_MODULES = YES;
				CLANG_ENABLE_OBJC_ARC = YES;
				CLANG_WARN_BLOCK_CAPTURE_AUTORELEASING = YES;
				CLANG_WARN_BOOL_CONVERSION = YES;
				CLANG_WARN_COMMA = YES;
				CLANG_WARN_CONSTANT_CONVERSION = YES;
				CLANG_WARN_DIRECT_OBJC_ISA_USAGE = YES_ERROR;
				CLANG_WARN_DOCUMENTATION_COMMENTS = YES;
				CLANG_WARN_EMPTY_BODY = YES;
				CLANG_WARN_ENUM_CONVERSION = YES;
				CLANG_WARN_INFINITE_RECURSION = YES;
				CLANG_WARN_INT_CONVERSION = YES;
				CLANG_WARN_NON_LITERAL_NULL_CONVERSION = YES;
				CLANG_WARN_OBJC_LITERAL_CONVERSION = YES;
				CLANG_WARN_OBJC_ROOT_CLASS = YES_ERROR;
				CLANG_WARN_RANGE_LOOP_ANALYSIS = YES;
				CLANG_WARN_STRICT_PROTOTYPES = YES;
				CLANG_WARN_SUSPICIOUS_MOVE = YES;
				CLANG_WARN_UNGUARDED_AVAILABILITY = YES_AGGRESSIVE;
				CLANG_WARN_UNREACHABLE_CODE = YES;
				CLANG_WARN__DUPLICATE_METHOD_MATCH = YES;
				CODE_SIGN_IDENTITY = "iPhone Developer";
				COPY_PHASE_STRIP = NO;
				DEBUG_INFORMATION_FORMAT = "dwarf-with-dsym";
				ENABLE_NS_ASSERTIONS = NO;
				ENABLE_STRICT_OBJC_MSGSEND = YES;
				GCC_C_LANGUAGE_STANDARD = gnu11;
				GCC_NO_COMMON_BLOCKS = YES;
				GCC_WARN_64_TO_32_BIT_CONVERSION = YES;
				GCC_WARN_ABOUT_RETURN_TYPE = YES_ERROR;
				GCC_WARN_UNDECLARED_SELECTOR = YES;
				GCC_WARN_UNINITIALIZED_AUTOS = YES_AGGRESSIVE;
				GCC_WARN_UNUSED_FUNCTION = YES;
				GCC_WARN_UNUSED_VARIABLE = YES;
				IPHONEOS_DEPLOYMENT_TARGET = 11.0;
				MTL_ENABLE_DEBUG_INFO = NO;
				SDKROOT = iphoneos;
				SWIFT_OPTIMIZATION_LEVEL = "-Owholemodule";
				VALIDATE_PRODUCT = YES;
			};
			name = Release;
		};
		CF9D92BF1F895BF9000E9224 /* Debug */ = {
			isa = XCBuildConfiguration;
			baseConfigurationReference = 0F363607219D4FC42B7E8B57 /* Pods-Lighthouse.debug.xcconfig */;
			buildSettings = {
				ASSETCATALOG_COMPILER_APPICON_NAME = AppIcon;
				CLANG_ENABLE_MODULES = YES;
				CODE_SIGN_STYLE = Automatic;
				DEVELOPMENT_TEAM = 348DCFFU26;
				INFOPLIST_FILE = "$(SRCROOT)/Lighthouse/Info.plist";
				IPHONEOS_DEPLOYMENT_TARGET = 10.3;
				LD_RUNPATH_SEARCH_PATHS = "$(inherited) @executable_path/Frameworks";
				PRODUCT_BUNDLE_IDENTIFIER = lighthouse.Lighthouse;
				PRODUCT_NAME = "$(TARGET_NAME)";
				SWIFT_OBJC_BRIDGING_HEADER = "Lighthouse/Lighthouse-Bridging-Header.h";
				SWIFT_OPTIMIZATION_LEVEL = "-Onone";
				SWIFT_VERSION = 4.0;
				TARGETED_DEVICE_FAMILY = "1,2";
			};
			name = Debug;
		};
		CF9D92C01F895BF9000E9224 /* Release */ = {
			isa = XCBuildConfiguration;
			baseConfigurationReference = 664778F032691F41EFBFCC7B /* Pods-Lighthouse.release.xcconfig */;
			buildSettings = {
				ASSETCATALOG_COMPILER_APPICON_NAME = AppIcon;
				CLANG_ENABLE_MODULES = YES;
				CODE_SIGN_STYLE = Automatic;
				DEVELOPMENT_TEAM = 348DCFFU26;
				INFOPLIST_FILE = "$(SRCROOT)/Lighthouse/Info.plist";
				IPHONEOS_DEPLOYMENT_TARGET = 10.3;
				LD_RUNPATH_SEARCH_PATHS = "$(inherited) @executable_path/Frameworks";
				PRODUCT_BUNDLE_IDENTIFIER = lighthouse.Lighthouse;
				PRODUCT_NAME = "$(TARGET_NAME)";
				SWIFT_OBJC_BRIDGING_HEADER = "Lighthouse/Lighthouse-Bridging-Header.h";
				SWIFT_VERSION = 4.0;
				TARGETED_DEVICE_FAMILY = "1,2";
			};
			name = Release;
		};
		CF9D92C21F895BF9000E9224 /* Debug */ = {
			isa = XCBuildConfiguration;
			baseConfigurationReference = C110DE0CB12DE2D2396945D3 /* Pods-LighthouseTests.debug.xcconfig */;
			buildSettings = {
				ALWAYS_EMBED_SWIFT_STANDARD_LIBRARIES = YES;
				BUNDLE_LOADER = "$(TEST_HOST)";
				CODE_SIGN_STYLE = Automatic;
				DEVELOPMENT_TEAM = 348DCFFU26;
				INFOPLIST_FILE = "lighthouse-gmapsTests/Info.plist";
				LD_RUNPATH_SEARCH_PATHS = "$(inherited) @executable_path/Frameworks @loader_path/Frameworks";
				PRODUCT_BUNDLE_IDENTIFIER = "lighthouse.lighthouse-gmapsTests";
				PRODUCT_NAME = "$(TARGET_NAME)";
				SWIFT_VERSION = 4.0;
				TARGETED_DEVICE_FAMILY = "1,2";
				TEST_HOST = "$(BUILT_PRODUCTS_DIR)/Lighthouse.app/Lighthouse";
			};
			name = Debug;
		};
		CF9D92C31F895BF9000E9224 /* Release */ = {
			isa = XCBuildConfiguration;
			baseConfigurationReference = 1B5CDF39A78D71E8B2225B56 /* Pods-LighthouseTests.release.xcconfig */;
			buildSettings = {
				ALWAYS_EMBED_SWIFT_STANDARD_LIBRARIES = YES;
				BUNDLE_LOADER = "$(TEST_HOST)";
				CODE_SIGN_STYLE = Automatic;
				DEVELOPMENT_TEAM = 348DCFFU26;
				INFOPLIST_FILE = "lighthouse-gmapsTests/Info.plist";
				LD_RUNPATH_SEARCH_PATHS = "$(inherited) @executable_path/Frameworks @loader_path/Frameworks";
				PRODUCT_BUNDLE_IDENTIFIER = "lighthouse.lighthouse-gmapsTests";
				PRODUCT_NAME = "$(TARGET_NAME)";
				SWIFT_VERSION = 4.0;
				TARGETED_DEVICE_FAMILY = "1,2";
				TEST_HOST = "$(BUILT_PRODUCTS_DIR)/Lighthouse.app/Lighthouse";
			};
			name = Release;
		};
		CF9D92C51F895BF9000E9224 /* Debug */ = {
			isa = XCBuildConfiguration;
			baseConfigurationReference = 87C0E42CEE67A502C85230BD /* Pods-LighthouseUITests.debug.xcconfig */;
			buildSettings = {
				ALWAYS_EMBED_SWIFT_STANDARD_LIBRARIES = YES;
				CODE_SIGN_STYLE = Automatic;
				DEVELOPMENT_TEAM = 348DCFFU26;
				INFOPLIST_FILE = "lighthouse-gmapsUITests/Info.plist";
				LD_RUNPATH_SEARCH_PATHS = "$(inherited) @executable_path/Frameworks @loader_path/Frameworks";
				PRODUCT_BUNDLE_IDENTIFIER = "lighthouse.lighthouse-gmapsUITests";
				PRODUCT_NAME = "$(TARGET_NAME)";
				SWIFT_VERSION = 4.0;
				TARGETED_DEVICE_FAMILY = "1,2";
				TEST_TARGET_NAME = "lighthouse-gmaps";
			};
			name = Debug;
		};
		CF9D92C61F895BF9000E9224 /* Release */ = {
			isa = XCBuildConfiguration;
			baseConfigurationReference = FE856D44410173E646DA77C6 /* Pods-LighthouseUITests.release.xcconfig */;
			buildSettings = {
				ALWAYS_EMBED_SWIFT_STANDARD_LIBRARIES = YES;
				CODE_SIGN_STYLE = Automatic;
				DEVELOPMENT_TEAM = 348DCFFU26;
				INFOPLIST_FILE = "lighthouse-gmapsUITests/Info.plist";
				LD_RUNPATH_SEARCH_PATHS = "$(inherited) @executable_path/Frameworks @loader_path/Frameworks";
				PRODUCT_BUNDLE_IDENTIFIER = "lighthouse.lighthouse-gmapsUITests";
				PRODUCT_NAME = "$(TARGET_NAME)";
				SWIFT_VERSION = 4.0;
				TARGETED_DEVICE_FAMILY = "1,2";
				TEST_TARGET_NAME = "lighthouse-gmaps";
			};
			name = Release;
		};
/* End XCBuildConfiguration section */

/* Begin XCConfigurationList section */
		CF9D928E1F895BF8000E9224 /* Build configuration list for PBXProject "Lighthouse" */ = {
			isa = XCConfigurationList;
			buildConfigurations = (
				CF9D92BC1F895BF9000E9224 /* Debug */,
				CF9D92BD1F895BF9000E9224 /* Release */,
			);
			defaultConfigurationIsVisible = 0;
			defaultConfigurationName = Release;
		};
		CF9D92BE1F895BF9000E9224 /* Build configuration list for PBXNativeTarget "Lighthouse" */ = {
			isa = XCConfigurationList;
			buildConfigurations = (
				CF9D92BF1F895BF9000E9224 /* Debug */,
				CF9D92C01F895BF9000E9224 /* Release */,
			);
			defaultConfigurationIsVisible = 0;
			defaultConfigurationName = Release;
		};
		CF9D92C11F895BF9000E9224 /* Build configuration list for PBXNativeTarget "LighthouseTests" */ = {
			isa = XCConfigurationList;
			buildConfigurations = (
				CF9D92C21F895BF9000E9224 /* Debug */,
				CF9D92C31F895BF9000E9224 /* Release */,
			);
			defaultConfigurationIsVisible = 0;
			defaultConfigurationName = Release;
		};
		CF9D92C41F895BF9000E9224 /* Build configuration list for PBXNativeTarget "LighthouseUITests" */ = {
			isa = XCConfigurationList;
			buildConfigurations = (
				CF9D92C51F895BF9000E9224 /* Debug */,
				CF9D92C61F895BF9000E9224 /* Release */,
			);
			defaultConfigurationIsVisible = 0;
			defaultConfigurationName = Release;
		};
/* End XCConfigurationList section */

/* Begin XCVersionGroup section */
		CF46B4FA1FD7926F00740304 /* Lighthouse.xcdatamodeld */ = {
			isa = XCVersionGroup;
			children = (
				CF46B4FB1FD7926F00740304 /* lighthouse_gmaps.xcdatamodel */,
			);
			currentVersion = CF46B4FB1FD7926F00740304 /* lighthouse_gmaps.xcdatamodel */;
			path = Lighthouse.xcdatamodeld;
			sourceTree = "<group>";
			versionGroupType = wrapper.xcdatamodel;
		};
/* End XCVersionGroup section */
	};
	rootObject = CF9D928B1F895BF8000E9224 /* Project object */;
}
