// !$*UTF8*$!
{
	archiveVersion = 1;
	classes = {
	};
	objectVersion = 48;
	objects = {

/* Begin PBXBuildFile section */
		CF9910A91F87EC120058DDE8 /* AppDelegate.swift in Sources */ = {isa = PBXBuildFile; fileRef = CF9910A81F87EC120058DDE8 /* AppDelegate.swift */; };
		CF9910AB1F87EC120058DDE8 /* ViewController.swift in Sources */ = {isa = PBXBuildFile; fileRef = CF9910AA1F87EC120058DDE8 /* ViewController.swift */; };
		CF9910AE1F87EC120058DDE8 /* Main.storyboard in Resources */ = {isa = PBXBuildFile; fileRef = CF9910AC1F87EC120058DDE8 /* Main.storyboard */; };
		CF9910B11F87EC120058DDE8 /* lh_geocoder.xcdatamodeld in Sources */ = {isa = PBXBuildFile; fileRef = CF9910AF1F87EC120058DDE8 /* lh_geocoder.xcdatamodeld */; };
		CF9910B31F87EC120058DDE8 /* Assets.xcassets in Resources */ = {isa = PBXBuildFile; fileRef = CF9910B21F87EC120058DDE8 /* Assets.xcassets */; };
		CF9910B61F87EC120058DDE8 /* LaunchScreen.storyboard in Resources */ = {isa = PBXBuildFile; fileRef = CF9910B41F87EC120058DDE8 /* LaunchScreen.storyboard */; };
		CF9910C11F87EC120058DDE8 /* lh_geocoderTests.swift in Sources */ = {isa = PBXBuildFile; fileRef = CF9910C01F87EC120058DDE8 /* lh_geocoderTests.swift */; };
		CF9910CC1F87EC120058DDE8 /* lh_geocoderUITests.swift in Sources */ = {isa = PBXBuildFile; fileRef = CF9910CB1F87EC120058DDE8 /* lh_geocoderUITests.swift */; };
/* End PBXBuildFile section */

/* Begin PBXContainerItemProxy section */
		CF9910BD1F87EC120058DDE8 /* PBXContainerItemProxy */ = {
			isa = PBXContainerItemProxy;
			containerPortal = CF99109D1F87EC120058DDE8 /* Project object */;
			proxyType = 1;
			remoteGlobalIDString = CF9910A41F87EC120058DDE8;
			remoteInfo = "lh-geocoder";
		};
		CF9910C81F87EC120058DDE8 /* PBXContainerItemProxy */ = {
			isa = PBXContainerItemProxy;
			containerPortal = CF99109D1F87EC120058DDE8 /* Project object */;
			proxyType = 1;
			remoteGlobalIDString = CF9910A41F87EC120058DDE8;
			remoteInfo = "lh-geocoder";
		};
/* End PBXContainerItemProxy section */

/* Begin PBXFileReference section */
		CF9910A51F87EC120058DDE8 /* lh-geocoder.app */ = {isa = PBXFileReference; explicitFileType = wrapper.application; includeInIndex = 0; path = "lh-geocoder.app"; sourceTree = BUILT_PRODUCTS_DIR; };
		CF9910A81F87EC120058DDE8 /* AppDelegate.swift */ = {isa = PBXFileReference; lastKnownFileType = sourcecode.swift; path = AppDelegate.swift; sourceTree = "<group>"; };
		CF9910AA1F87EC120058DDE8 /* ViewController.swift */ = {isa = PBXFileReference; lastKnownFileType = sourcecode.swift; path = ViewController.swift; sourceTree = "<group>"; };
		CF9910AD1F87EC120058DDE8 /* Base */ = {isa = PBXFileReference; lastKnownFileType = file.storyboard; name = Base; path = Base.lproj/Main.storyboard; sourceTree = "<group>"; };
		CF9910B01F87EC120058DDE8 /* lh_geocoder.xcdatamodel */ = {isa = PBXFileReference; lastKnownFileType = wrapper.xcdatamodel; path = lh_geocoder.xcdatamodel; sourceTree = "<group>"; };
		CF9910B21F87EC120058DDE8 /* Assets.xcassets */ = {isa = PBXFileReference; lastKnownFileType = folder.assetcatalog; path = Assets.xcassets; sourceTree = "<group>"; };
		CF9910B51F87EC120058DDE8 /* Base */ = {isa = PBXFileReference; lastKnownFileType = file.storyboard; name = Base; path = Base.lproj/LaunchScreen.storyboard; sourceTree = "<group>"; };
		CF9910B71F87EC120058DDE8 /* Info.plist */ = {isa = PBXFileReference; lastKnownFileType = text.plist.xml; path = Info.plist; sourceTree = "<group>"; };
		CF9910BC1F87EC120058DDE8 /* lh-geocoderTests.xctest */ = {isa = PBXFileReference; explicitFileType = wrapper.cfbundle; includeInIndex = 0; path = "lh-geocoderTests.xctest"; sourceTree = BUILT_PRODUCTS_DIR; };
		CF9910C01F87EC120058DDE8 /* lh_geocoderTests.swift */ = {isa = PBXFileReference; lastKnownFileType = sourcecode.swift; path = lh_geocoderTests.swift; sourceTree = "<group>"; };
		CF9910C21F87EC120058DDE8 /* Info.plist */ = {isa = PBXFileReference; lastKnownFileType = text.plist.xml; path = Info.plist; sourceTree = "<group>"; };
		CF9910C71F87EC120058DDE8 /* lh-geocoderUITests.xctest */ = {isa = PBXFileReference; explicitFileType = wrapper.cfbundle; includeInIndex = 0; path = "lh-geocoderUITests.xctest"; sourceTree = BUILT_PRODUCTS_DIR; };
		CF9910CB1F87EC120058DDE8 /* lh_geocoderUITests.swift */ = {isa = PBXFileReference; lastKnownFileType = sourcecode.swift; path = lh_geocoderUITests.swift; sourceTree = "<group>"; };
		CF9910CD1F87EC120058DDE8 /* Info.plist */ = {isa = PBXFileReference; lastKnownFileType = text.plist.xml; path = Info.plist; sourceTree = "<group>"; };
/* End PBXFileReference section */

/* Begin PBXFrameworksBuildPhase section */
		CF9910A21F87EC120058DDE8 /* Frameworks */ = {
			isa = PBXFrameworksBuildPhase;
			buildActionMask = 2147483647;
			files = (
			);
			runOnlyForDeploymentPostprocessing = 0;
		};
		CF9910B91F87EC120058DDE8 /* Frameworks */ = {
			isa = PBXFrameworksBuildPhase;
			buildActionMask = 2147483647;
			files = (
			);
			runOnlyForDeploymentPostprocessing = 0;
		};
		CF9910C41F87EC120058DDE8 /* Frameworks */ = {
			isa = PBXFrameworksBuildPhase;
			buildActionMask = 2147483647;
			files = (
			);
			runOnlyForDeploymentPostprocessing = 0;
		};
/* End PBXFrameworksBuildPhase section */

/* Begin PBXGroup section */
		CF99109C1F87EC120058DDE8 = {
			isa = PBXGroup;
			children = (
				CF9910A71F87EC120058DDE8 /* lh-geocoder */,
				CF9910BF1F87EC120058DDE8 /* lh-geocoderTests */,
				CF9910CA1F87EC120058DDE8 /* lh-geocoderUITests */,
				CF9910A61F87EC120058DDE8 /* Products */,
			);
			sourceTree = "<group>";
		};
		CF9910A61F87EC120058DDE8 /* Products */ = {
			isa = PBXGroup;
			children = (
				CF9910A51F87EC120058DDE8 /* lh-geocoder.app */,
				CF9910BC1F87EC120058DDE8 /* lh-geocoderTests.xctest */,
				CF9910C71F87EC120058DDE8 /* lh-geocoderUITests.xctest */,
			);
			name = Products;
			sourceTree = "<group>";
		};
		CF9910A71F87EC120058DDE8 /* lh-geocoder */ = {
			isa = PBXGroup;
			children = (
				CF9910A81F87EC120058DDE8 /* AppDelegate.swift */,
				CF9910AA1F87EC120058DDE8 /* ViewController.swift */,
				CF9910AC1F87EC120058DDE8 /* Main.storyboard */,
				CF9910B21F87EC120058DDE8 /* Assets.xcassets */,
				CF9910B41F87EC120058DDE8 /* LaunchScreen.storyboard */,
				CF9910B71F87EC120058DDE8 /* Info.plist */,
				CF9910AF1F87EC120058DDE8 /* lh_geocoder.xcdatamodeld */,
			);
			path = "lh-geocoder";
			sourceTree = "<group>";
		};
		CF9910BF1F87EC120058DDE8 /* lh-geocoderTests */ = {
			isa = PBXGroup;
			children = (
				CF9910C01F87EC120058DDE8 /* lh_geocoderTests.swift */,
				CF9910C21F87EC120058DDE8 /* Info.plist */,
			);
			path = "lh-geocoderTests";
			sourceTree = "<group>";
		};
		CF9910CA1F87EC120058DDE8 /* lh-geocoderUITests */ = {
			isa = PBXGroup;
			children = (
				CF9910CB1F87EC120058DDE8 /* lh_geocoderUITests.swift */,
				CF9910CD1F87EC120058DDE8 /* Info.plist */,
			);
			path = "lh-geocoderUITests";
			sourceTree = "<group>";
		};
/* End PBXGroup section */

/* Begin PBXNativeTarget section */
		CF9910A41F87EC120058DDE8 /* lh-geocoder */ = {
			isa = PBXNativeTarget;
			buildConfigurationList = CF9910D01F87EC120058DDE8 /* Build configuration list for PBXNativeTarget "lh-geocoder" */;
			buildPhases = (
				CF9910A11F87EC120058DDE8 /* Sources */,
				CF9910A21F87EC120058DDE8 /* Frameworks */,
				CF9910A31F87EC120058DDE8 /* Resources */,
			);
			buildRules = (
			);
			dependencies = (
			);
			name = "lh-geocoder";
			productName = "lh-geocoder";
			productReference = CF9910A51F87EC120058DDE8 /* lh-geocoder.app */;
			productType = "com.apple.product-type.application";
		};
		CF9910BB1F87EC120058DDE8 /* lh-geocoderTests */ = {
			isa = PBXNativeTarget;
			buildConfigurationList = CF9910D31F87EC120058DDE8 /* Build configuration list for PBXNativeTarget "lh-geocoderTests" */;
			buildPhases = (
				CF9910B81F87EC120058DDE8 /* Sources */,
				CF9910B91F87EC120058DDE8 /* Frameworks */,
				CF9910BA1F87EC120058DDE8 /* Resources */,
			);
			buildRules = (
			);
			dependencies = (
				CF9910BE1F87EC120058DDE8 /* PBXTargetDependency */,
			);
			name = "lh-geocoderTests";
			productName = "lh-geocoderTests";
			productReference = CF9910BC1F87EC120058DDE8 /* lh-geocoderTests.xctest */;
			productType = "com.apple.product-type.bundle.unit-test";
		};
		CF9910C61F87EC120058DDE8 /* lh-geocoderUITests */ = {
			isa = PBXNativeTarget;
			buildConfigurationList = CF9910D61F87EC120058DDE8 /* Build configuration list for PBXNativeTarget "lh-geocoderUITests" */;
			buildPhases = (
				CF9910C31F87EC120058DDE8 /* Sources */,
				CF9910C41F87EC120058DDE8 /* Frameworks */,
				CF9910C51F87EC120058DDE8 /* Resources */,
			);
			buildRules = (
			);
			dependencies = (
				CF9910C91F87EC120058DDE8 /* PBXTargetDependency */,
			);
			name = "lh-geocoderUITests";
			productName = "lh-geocoderUITests";
			productReference = CF9910C71F87EC120058DDE8 /* lh-geocoderUITests.xctest */;
			productType = "com.apple.product-type.bundle.ui-testing";
		};
/* End PBXNativeTarget section */

/* Begin PBXProject section */
		CF99109D1F87EC120058DDE8 /* Project object */ = {
			isa = PBXProject;
			attributes = {
				LastSwiftUpdateCheck = 0900;
				LastUpgradeCheck = 0900;
				ORGANIZATIONNAME = LightHouse;
				TargetAttributes = {
					CF9910A41F87EC120058DDE8 = {
						CreatedOnToolsVersion = 9.0;
						ProvisioningStyle = Automatic;
					};
					CF9910BB1F87EC120058DDE8 = {
						CreatedOnToolsVersion = 9.0;
						ProvisioningStyle = Automatic;
						TestTargetID = CF9910A41F87EC120058DDE8;
					};
					CF9910C61F87EC120058DDE8 = {
						CreatedOnToolsVersion = 9.0;
						ProvisioningStyle = Automatic;
						TestTargetID = CF9910A41F87EC120058DDE8;
					};
				};
			};
			buildConfigurationList = CF9910A01F87EC120058DDE8 /* Build configuration list for PBXProject "lh-geocoder" */;
			compatibilityVersion = "Xcode 8.0";
			developmentRegion = en;
			hasScannedForEncodings = 0;
			knownRegions = (
				en,
				Base,
			);
			mainGroup = CF99109C1F87EC120058DDE8;
			productRefGroup = CF9910A61F87EC120058DDE8 /* Products */;
			projectDirPath = "";
			projectRoot = "";
			targets = (
				CF9910A41F87EC120058DDE8 /* lh-geocoder */,
				CF9910BB1F87EC120058DDE8 /* lh-geocoderTests */,
				CF9910C61F87EC120058DDE8 /* lh-geocoderUITests */,
			);
		};
/* End PBXProject section */

/* Begin PBXResourcesBuildPhase section */
		CF9910A31F87EC120058DDE8 /* Resources */ = {
			isa = PBXResourcesBuildPhase;
			buildActionMask = 2147483647;
			files = (
				CF9910B61F87EC120058DDE8 /* LaunchScreen.storyboard in Resources */,
				CF9910B31F87EC120058DDE8 /* Assets.xcassets in Resources */,
				CF9910AE1F87EC120058DDE8 /* Main.storyboard in Resources */,
			);
			runOnlyForDeploymentPostprocessing = 0;
		};
		CF9910BA1F87EC120058DDE8 /* Resources */ = {
			isa = PBXResourcesBuildPhase;
			buildActionMask = 2147483647;
			files = (
			);
			runOnlyForDeploymentPostprocessing = 0;
		};
		CF9910C51F87EC120058DDE8 /* Resources */ = {
			isa = PBXResourcesBuildPhase;
			buildActionMask = 2147483647;
			files = (
			);
			runOnlyForDeploymentPostprocessing = 0;
		};
/* End PBXResourcesBuildPhase section */

/* Begin PBXSourcesBuildPhase section */
		CF9910A11F87EC120058DDE8 /* Sources */ = {
			isa = PBXSourcesBuildPhase;
			buildActionMask = 2147483647;
			files = (
				CF9910AB1F87EC120058DDE8 /* ViewController.swift in Sources */,
				CF9910A91F87EC120058DDE8 /* AppDelegate.swift in Sources */,
				CF9910B11F87EC120058DDE8 /* lh_geocoder.xcdatamodeld in Sources */,
			);
			runOnlyForDeploymentPostprocessing = 0;
		};
		CF9910B81F87EC120058DDE8 /* Sources */ = {
			isa = PBXSourcesBuildPhase;
			buildActionMask = 2147483647;
			files = (
				CF9910C11F87EC120058DDE8 /* lh_geocoderTests.swift in Sources */,
			);
			runOnlyForDeploymentPostprocessing = 0;
		};
		CF9910C31F87EC120058DDE8 /* Sources */ = {
			isa = PBXSourcesBuildPhase;
			buildActionMask = 2147483647;
			files = (
				CF9910CC1F87EC120058DDE8 /* lh_geocoderUITests.swift in Sources */,
			);
			runOnlyForDeploymentPostprocessing = 0;
		};
/* End PBXSourcesBuildPhase section */

/* Begin PBXTargetDependency section */
		CF9910BE1F87EC120058DDE8 /* PBXTargetDependency */ = {
			isa = PBXTargetDependency;
			target = CF9910A41F87EC120058DDE8 /* lh-geocoder */;
			targetProxy = CF9910BD1F87EC120058DDE8 /* PBXContainerItemProxy */;
		};
		CF9910C91F87EC120058DDE8 /* PBXTargetDependency */ = {
			isa = PBXTargetDependency;
			target = CF9910A41F87EC120058DDE8 /* lh-geocoder */;
			targetProxy = CF9910C81F87EC120058DDE8 /* PBXContainerItemProxy */;
		};
/* End PBXTargetDependency section */

/* Begin PBXVariantGroup section */
		CF9910AC1F87EC120058DDE8 /* Main.storyboard */ = {
			isa = PBXVariantGroup;
			children = (
				CF9910AD1F87EC120058DDE8 /* Base */,
			);
			name = Main.storyboard;
			sourceTree = "<group>";
		};
		CF9910B41F87EC120058DDE8 /* LaunchScreen.storyboard */ = {
			isa = PBXVariantGroup;
			children = (
				CF9910B51F87EC120058DDE8 /* Base */,
			);
			name = LaunchScreen.storyboard;
			sourceTree = "<group>";
		};
/* End PBXVariantGroup section */

/* Begin XCBuildConfiguration section */
		CF9910CE1F87EC120058DDE8 /* Debug */ = {
			isa = XCBuildConfiguration;
			buildSettings = {
				ALWAYS_SEARCH_USER_PATHS = NO;
				CLANG_ANALYZER_NONNULL = YES;
				CLANG_ANALYZER_NUMBER_OBJECT_CONVERSION = YES_AGGRESSIVE;
				CLANG_CXX_LANGUAGE_STANDARD = "gnu++14";
				CLANG_CXX_LIBRARY = "libc++";
				CLANG_ENABLE_MODULES = YES;
				CLANG_ENABLE_OBJC_ARC = YES;
				CLANG_WARN_BLOCK_CAPTURE_AUTORELEASING = YES;
				CLANG_WARN_BOOL_CONVERSION = YES;
				CLANG_WARN_COMMA = YES;
				CLANG_WARN_CONSTANT_CONVERSION = YES;
				CLANG_WARN_DIRECT_OBJC_ISA_USAGE = YES_ERROR;
				CLANG_WARN_DOCUMENTATION_COMMENTS = YES;
				CLANG_WARN_EMPTY_BODY = YES;
				CLANG_WARN_ENUM_CONVERSION = YES;
				CLANG_WARN_INFINITE_RECURSION = YES;
				CLANG_WARN_INT_CONVERSION = YES;
				CLANG_WARN_NON_LITERAL_NULL_CONVERSION = YES;
				CLANG_WARN_OBJC_LITERAL_CONVERSION = YES;
				CLANG_WARN_OBJC_ROOT_CLASS = YES_ERROR;
				CLANG_WARN_RANGE_LOOP_ANALYSIS = YES;
				CLANG_WARN_STRICT_PROTOTYPES = YES;
				CLANG_WARN_SUSPICIOUS_MOVE = YES;
				CLANG_WARN_UNGUARDED_AVAILABILITY = YES_AGGRESSIVE;
				CLANG_WARN_UNREACHABLE_CODE = YES;
				CLANG_WARN__DUPLICATE_METHOD_MATCH = YES;
				CODE_SIGN_IDENTITY = "iPhone Developer";
				COPY_PHASE_STRIP = NO;
				DEBUG_INFORMATION_FORMAT = dwarf;
				ENABLE_STRICT_OBJC_MSGSEND = YES;
				ENABLE_TESTABILITY = YES;
				GCC_C_LANGUAGE_STANDARD = gnu11;
				GCC_DYNAMIC_NO_PIC = NO;
				GCC_NO_COMMON_BLOCKS = YES;
				GCC_OPTIMIZATION_LEVEL = 0;
				GCC_PREPROCESSOR_DEFINITIONS = (
					"DEBUG=1",
					"$(inherited)",
				);
				GCC_WARN_64_TO_32_BIT_CONVERSION = YES;
				GCC_WARN_ABOUT_RETURN_TYPE = YES_ERROR;
				GCC_WARN_UNDECLARED_SELECTOR = YES;
				GCC_WARN_UNINITIALIZED_AUTOS = YES_AGGRESSIVE;
				GCC_WARN_UNUSED_FUNCTION = YES;
				GCC_WARN_UNUSED_VARIABLE = YES;
				IPHONEOS_DEPLOYMENT_TARGET = 11.0;
				MTL_ENABLE_DEBUG_INFO = YES;
				ONLY_ACTIVE_ARCH = YES;
				SDKROOT = iphoneos;
				SWIFT_ACTIVE_COMPILATION_CONDITIONS = DEBUG;
				SWIFT_OPTIMIZATION_LEVEL = "-Onone";
			};
			name = Debug;
		};
		CF9910CF1F87EC120058DDE8 /* Release */ = {
			isa = XCBuildConfiguration;
			buildSettings = {
				ALWAYS_SEARCH_USER_PATHS = NO;
				CLANG_ANALYZER_NONNULL = YES;
				CLANG_ANALYZER_NUMBER_OBJECT_CONVERSION = YES_AGGRESSIVE;
				CLANG_CXX_LANGUAGE_STANDARD = "gnu++14";
				CLANG_CXX_LIBRARY = "libc++";
				CLANG_ENABLE_MODULES = YES;
				CLANG_ENABLE_OBJC_ARC = YES;
				CLANG_WARN_BLOCK_CAPTURE_AUTORELEASING = YES;
				CLANG_WARN_BOOL_CONVERSION = YES;
				CLANG_WARN_COMMA = YES;
				CLANG_WARN_CONSTANT_CONVERSION = YES;
				CLANG_WARN_DIRECT_OBJC_ISA_USAGE = YES_ERROR;
				CLANG_WARN_DOCUMENTATION_COMMENTS = YES;
				CLANG_WARN_EMPTY_BODY = YES;
				CLANG_WARN_ENUM_CONVERSION = YES;
				CLANG_WARN_INFINITE_RECURSION = YES;
				CLANG_WARN_INT_CONVERSION = YES;
				CLANG_WARN_NON_LITERAL_NULL_CONVERSION = YES;
				CLANG_WARN_OBJC_LITERAL_CONVERSION = YES;
				CLANG_WARN_OBJC_ROOT_CLASS = YES_ERROR;
				CLANG_WARN_RANGE_LOOP_ANALYSIS = YES;
				CLANG_WARN_STRICT_PROTOTYPES = YES;
				CLANG_WARN_SUSPICIOUS_MOVE = YES;
				CLANG_WARN_UNGUARDED_AVAILABILITY = YES_AGGRESSIVE;
				CLANG_WARN_UNREACHABLE_CODE = YES;
				CLANG_WARN__DUPLICATE_METHOD_MATCH = YES;
				CODE_SIGN_IDENTITY = "iPhone Developer";
				COPY_PHASE_STRIP = NO;
				DEBUG_INFORMATION_FORMAT = "dwarf-with-dsym";
				ENABLE_NS_ASSERTIONS = NO;
				ENABLE_STRICT_OBJC_MSGSEND = YES;
				GCC_C_LANGUAGE_STANDARD = gnu11;
				GCC_NO_COMMON_BLOCKS = YES;
				GCC_WARN_64_TO_32_BIT_CONVERSION = YES;
				GCC_WARN_ABOUT_RETURN_TYPE = YES_ERROR;
				GCC_WARN_UNDECLARED_SELECTOR = YES;
				GCC_WARN_UNINITIALIZED_AUTOS = YES_AGGRESSIVE;
				GCC_WARN_UNUSED_FUNCTION = YES;
				GCC_WARN_UNUSED_VARIABLE = YES;
				IPHONEOS_DEPLOYMENT_TARGET = 11.0;
				MTL_ENABLE_DEBUG_INFO = NO;
				SDKROOT = iphoneos;
				SWIFT_OPTIMIZATION_LEVEL = "-Owholemodule";
				VALIDATE_PRODUCT = YES;
			};
			name = Release;
		};
		CF9910D11F87EC120058DDE8 /* Debug */ = {
			isa = XCBuildConfiguration;
			buildSettings = {
				ASSETCATALOG_COMPILER_APPICON_NAME = AppIcon;
				CODE_SIGN_STYLE = Automatic;
				INFOPLIST_FILE = "lh-geocoder/Info.plist";
				LD_RUNPATH_SEARCH_PATHS = "$(inherited) @executable_path/Frameworks";
				PRODUCT_BUNDLE_IDENTIFIER = "lighthouse.lh-geocoder";
				PRODUCT_NAME = "$(TARGET_NAME)";
				SWIFT_VERSION = 4.0;
				TARGETED_DEVICE_FAMILY = "1,2";
			};
			name = Debug;
		};
		CF9910D21F87EC120058DDE8 /* Release */ = {
			isa = XCBuildConfiguration;
			buildSettings = {
				ASSETCATALOG_COMPILER_APPICON_NAME = AppIcon;
				CODE_SIGN_STYLE = Automatic;
				INFOPLIST_FILE = "lh-geocoder/Info.plist";
				LD_RUNPATH_SEARCH_PATHS = "$(inherited) @executable_path/Frameworks";
				PRODUCT_BUNDLE_IDENTIFIER = "lighthouse.lh-geocoder";
				PRODUCT_NAME = "$(TARGET_NAME)";
				SWIFT_VERSION = 4.0;
				TARGETED_DEVICE_FAMILY = "1,2";
			};
			name = Release;
		};
		CF9910D41F87EC120058DDE8 /* Debug */ = {
			isa = XCBuildConfiguration;
			buildSettings = {
				ALWAYS_EMBED_SWIFT_STANDARD_LIBRARIES = YES;
				BUNDLE_LOADER = "$(TEST_HOST)";
				CODE_SIGN_STYLE = Automatic;
				INFOPLIST_FILE = "lh-geocoderTests/Info.plist";
				LD_RUNPATH_SEARCH_PATHS = "$(inherited) @executable_path/Frameworks @loader_path/Frameworks";
				PRODUCT_BUNDLE_IDENTIFIER = "lighthouse.lh-geocoderTests";
				PRODUCT_NAME = "$(TARGET_NAME)";
				SWIFT_VERSION = 4.0;
				TARGETED_DEVICE_FAMILY = "1,2";
				TEST_HOST = "$(BUILT_PRODUCTS_DIR)/lh-geocoder.app/lh-geocoder";
			};
			name = Debug;
		};
		CF9910D51F87EC120058DDE8 /* Release */ = {
			isa = XCBuildConfiguration;
			buildSettings = {
				ALWAYS_EMBED_SWIFT_STANDARD_LIBRARIES = YES;
				BUNDLE_LOADER = "$(TEST_HOST)";
				CODE_SIGN_STYLE = Automatic;
				INFOPLIST_FILE = "lh-geocoderTests/Info.plist";
				LD_RUNPATH_SEARCH_PATHS = "$(inherited) @executable_path/Frameworks @loader_path/Frameworks";
				PRODUCT_BUNDLE_IDENTIFIER = "lighthouse.lh-geocoderTests";
				PRODUCT_NAME = "$(TARGET_NAME)";
				SWIFT_VERSION = 4.0;
				TARGETED_DEVICE_FAMILY = "1,2";
				TEST_HOST = "$(BUILT_PRODUCTS_DIR)/lh-geocoder.app/lh-geocoder";
			};
			name = Release;
		};
		CF9910D71F87EC120058DDE8 /* Debug */ = {
			isa = XCBuildConfiguration;
			buildSettings = {
				ALWAYS_EMBED_SWIFT_STANDARD_LIBRARIES = YES;
				CODE_SIGN_STYLE = Automatic;
				INFOPLIST_FILE = "lh-geocoderUITests/Info.plist";
				LD_RUNPATH_SEARCH_PATHS = "$(inherited) @executable_path/Frameworks @loader_path/Frameworks";
				PRODUCT_BUNDLE_IDENTIFIER = "lighthouse.lh-geocoderUITests";
				PRODUCT_NAME = "$(TARGET_NAME)";
				SWIFT_VERSION = 4.0;
				TARGETED_DEVICE_FAMILY = "1,2";
				TEST_TARGET_NAME = "lh-geocoder";
			};
			name = Debug;
		};
		CF9910D81F87EC120058DDE8 /* Release */ = {
			isa = XCBuildConfiguration;
			buildSettings = {
				ALWAYS_EMBED_SWIFT_STANDARD_LIBRARIES = YES;
				CODE_SIGN_STYLE = Automatic;
				INFOPLIST_FILE = "lh-geocoderUITests/Info.plist";
				LD_RUNPATH_SEARCH_PATHS = "$(inherited) @executable_path/Frameworks @loader_path/Frameworks";
				PRODUCT_BUNDLE_IDENTIFIER = "lighthouse.lh-geocoderUITests";
				PRODUCT_NAME = "$(TARGET_NAME)";
				SWIFT_VERSION = 4.0;
				TARGETED_DEVICE_FAMILY = "1,2";
				TEST_TARGET_NAME = "lh-geocoder";
			};
			name = Release;
		};
/* End XCBuildConfiguration section */

/* Begin XCConfigurationList section */
		CF9910A01F87EC120058DDE8 /* Build configuration list for PBXProject "lh-geocoder" */ = {
			isa = XCConfigurationList;
			buildConfigurations = (
				CF9910CE1F87EC120058DDE8 /* Debug */,
				CF9910CF1F87EC120058DDE8 /* Release */,
			);
			defaultConfigurationIsVisible = 0;
			defaultConfigurationName = Release;
		};
		CF9910D01F87EC120058DDE8 /* Build configuration list for PBXNativeTarget "lh-geocoder" */ = {
			isa = XCConfigurationList;
			buildConfigurations = (
				CF9910D11F87EC120058DDE8 /* Debug */,
				CF9910D21F87EC120058DDE8 /* Release */,
			);
			defaultConfigurationIsVisible = 0;
			defaultConfigurationName = Release;
		};
		CF9910D31F87EC120058DDE8 /* Build configuration list for PBXNativeTarget "lh-geocoderTests" */ = {
			isa = XCConfigurationList;
			buildConfigurations = (
				CF9910D41F87EC120058DDE8 /* Debug */,
				CF9910D51F87EC120058DDE8 /* Release */,
			);
			defaultConfigurationIsVisible = 0;
			defaultConfigurationName = Release;
		};
		CF9910D61F87EC120058DDE8 /* Build configuration list for PBXNativeTarget "lh-geocoderUITests" */ = {
			isa = XCConfigurationList;
			buildConfigurations = (
				CF9910D71F87EC120058DDE8 /* Debug */,
				CF9910D81F87EC120058DDE8 /* Release */,
			);
			defaultConfigurationIsVisible = 0;
			defaultConfigurationName = Release;
		};
/* End XCConfigurationList section */

/* Begin XCVersionGroup section */
		CF9910AF1F87EC120058DDE8 /* lh_geocoder.xcdatamodeld */ = {
			isa = XCVersionGroup;
			children = (
				CF9910B01F87EC120058DDE8 /* lh_geocoder.xcdatamodel */,
			);
			currentVersion = CF9910B01F87EC120058DDE8 /* lh_geocoder.xcdatamodel */;
			path = lh_geocoder.xcdatamodeld;
			sourceTree = "<group>";
			versionGroupType = wrapper.xcdatamodel;
		};
/* End XCVersionGroup section */
	};
	rootObject = CF99109D1F87EC120058DDE8 /* Project object */;
}
